// !$*UTF8*$!
{
	archiveVersion = 1;
	classes = {
	};
	objectVersion = 77;
	objects = {

/* Begin PBXBuildFile section */
		8C0F9F4A2E9CE128005B8C12 /* IdentitySelectionViewModel.swift in Sources */ = {isa = PBXBuildFile; fileRef = 8C0F9F492E9CE128005B8C12 /* IdentitySelectionViewModel.swift */; };
		8C0F9F4C2E9CE192005B8C12 /* UserType.swift in Sources */ = {isa = PBXBuildFile; fileRef = 8C0F9F4B2E9CE192005B8C12 /* UserType.swift */; };
		8C0F9F4E2E9CE1CB005B8C12 /* CircleSelectionButton.swift in Sources */ = {isa = PBXBuildFile; fileRef = 8C0F9F4D2E9CE1CB005B8C12 /* CircleSelectionButton.swift */; };
		8C0F9F502E9CE479005B8C12 /* CircleAddButton.swift in Sources */ = {isa = PBXBuildFile; fileRef = 8C0F9F4F2E9CE479005B8C12 /* CircleAddButton.swift */; };
		8C0F9F562E9CE508005B8C12 /* ArchivingViewModel.swift in Sources */ = {isa = PBXBuildFile; fileRef = 8C0F9F552E9CE508005B8C12 /* ArchivingViewModel.swift */; };
		8C3B37A22E9E69BC003FF185 /* ArticleExhibitionListView.swift in Sources */ = {isa = PBXBuildFile; fileRef = 8C3B37A12E9E69BC003FF185 /* ArticleExhibitionListView.swift */; };
		8C3B37A42E9E6A5C003FF185 /* ArticleExhibitionListViewModel.swift in Sources */ = {isa = PBXBuildFile; fileRef = 8C3B37A32E9E6A5C003FF185 /* ArticleExhibitionListViewModel.swift */; };
		8C3B37A62E9E7089003FF185 /* PageIndicator.swift in Sources */ = {isa = PBXBuildFile; fileRef = 8C3B37A52E9E7089003FF185 /* PageIndicator.swift */; };
		8C3B37A82E9E716C003FF185 /* ArticleListView.swift in Sources */ = {isa = PBXBuildFile; fileRef = 8C3B37A72E9E716C003FF185 /* ArticleListView.swift */; };
		8C3B37AA2E9E7932003FF185 /* ArticleListViewModel.swift in Sources */ = {isa = PBXBuildFile; fileRef = 8C3B37A92E9E7932003FF185 /* ArticleListViewModel.swift */; };
		8C3B37AC2E9E7C95003FF185 /* CompleteArticleListView.swift in Sources */ = {isa = PBXBuildFile; fileRef = 8C3B37AB2E9E7C95003FF185 /* CompleteArticleListView.swift */; };
		8C3B37B02E9EB7B3003FF185 /* OnboardingView.swift in Sources */ = {isa = PBXBuildFile; fileRef = 8C3B37AF2E9EB7B3003FF185 /* OnboardingView.swift */; };
		8C3B37B42E9EB7C0003FF185 /* AudienceArchivingView.swift in Sources */ = {isa = PBXBuildFile; fileRef = 8C3B37B22E9EB7C0003FF185 /* AudienceArchivingView.swift */; };
		8C3B37B52E9EB7C0003FF185 /* IdentitySelectionView.swift in Sources */ = {isa = PBXBuildFile; fileRef = 8C3B37B32E9EB7C0003FF185 /* IdentitySelectionView.swift */; };
		8C3B37B62E9EB7C0003FF185 /* ArticleArchivingView.swift in Sources */ = {isa = PBXBuildFile; fileRef = 8C3B37B12E9EB7C0003FF185 /* ArticleArchivingView.swift */; };
		8C3B37BA2E9EB82B003FF185 /* ExhibitionListView.swift in Sources */ = {isa = PBXBuildFile; fileRef = 8C3B37B92E9EB82B003FF185 /* ExhibitionListView.swift */; };
		8C3B37BC2E9EB838003FF185 /* ExhibitionDetailView.swift in Sources */ = {isa = PBXBuildFile; fileRef = 8C3B37BB2E9EB838003FF185 /* ExhibitionDetailView.swift */; };
		8C3B37BE2E9EB857003FF185 /* CameraView.swift in Sources */ = {isa = PBXBuildFile; fileRef = 8C3B37BD2E9EB857003FF185 /* CameraView.swift */; };
		8C3B37C62E9EB8DE003FF185 /* ArchiveView.swift in Sources */ = {isa = PBXBuildFile; fileRef = 8C3B37C52E9EB8DE003FF185 /* ArchiveView.swift */; };
		963572432E980E2400B2FA79 /* OSLog.framework in Frameworks */ = {isa = PBXBuildFile; fileRef = 963572422E980E2400B2FA79 /* OSLog.framework */; settings = {ATTRIBUTES = (Required, ); }; };
		9635739E2E98F28300B2FA79 /* ArtworkDetailView.swift in Sources */ = {isa = PBXBuildFile; fileRef = 9635739D2E98F28300B2FA79 /* ArtworkDetailView.swift */; };
		963573A12E990EE300B2FA79 /* KeyboardManager.swift in Sources */ = {isa = PBXBuildFile; fileRef = 963573A02E990EE000B2FA79 /* KeyboardManager.swift */; };
		963573AE2E9A4F7600B2FA79 /* OutlinedButton.swift in Sources */ = {isa = PBXBuildFile; fileRef = 963573AD2E9A4F6E00B2FA79 /* OutlinedButton.swift */; };
		963573B02E9ABC6400B2FA79 /* CategoryButton.swift in Sources */ = {isa = PBXBuildFile; fileRef = 963573AF2E9ABC6400B2FA79 /* CategoryButton.swift */; };
		963573B42E9ABD4800B2FA79 /* BottomButton.swift in Sources */ = {isa = PBXBuildFile; fileRef = 963573B32E9ABD4800B2FA79 /* BottomButton.swift */; };
		963573BF2E9B84D500B2FA79 /* Log.swift in Sources */ = {isa = PBXBuildFile; fileRef = 963573BE2E9B84D500B2FA79 /* Log.swift */; };
		96B1CA1A2E954A5C003E7C1C /* CombineMoya in Frameworks */ = {isa = PBXBuildFile; productRef = 96B1CA192E954A5C003E7C1C /* CombineMoya */; };
		96B1CA1C2E954A5C003E7C1C /* Moya in Frameworks */ = {isa = PBXBuildFile; productRef = 96B1CA1B2E954A5C003E7C1C /* Moya */; };
		99191E1F2EA1994900D2F71A /* CompleteArticleListViewModel.swift in Sources */ = {isa = PBXBuildFile; fileRef = 99191E1E2EA1994900D2F71A /* CompleteArticleListViewModel.swift */; };
		99191E212EA199A100D2F71A /* TitleSection.swift in Sources */ = {isa = PBXBuildFile; fileRef = 99191E202EA199A100D2F71A /* TitleSection.swift */; };
		99191E232EA199B300D2F71A /* SelectionRow.swift in Sources */ = {isa = PBXBuildFile; fileRef = 99191E222EA199B300D2F71A /* SelectionRow.swift */; };
		99191E252EA199BB00D2F71A /* CustomAlert.swift in Sources */ = {isa = PBXBuildFile; fileRef = 99191E242EA199BB00D2F71A /* CustomAlert.swift */; };
		99191E272EA199F300D2F71A /* View+CustomAlert.swift in Sources */ = {isa = PBXBuildFile; fileRef = 99191E262EA199F300D2F71A /* View+CustomAlert.swift */; };
		99191E452EA1C43F00D2F71A /* ArtistReactionViewModel.swift in Sources */ = {isa = PBXBuildFile; fileRef = 99191E3F2EA1C43F00D2F71A /* ArtistReactionViewModel.swift */; };
		99191E462EA1C43F00D2F71A /* ArtistReactionArchiveViewModel.swift in Sources */ = {isa = PBXBuildFile; fileRef = 99191E3E2EA1C43F00D2F71A /* ArtistReactionArchiveViewModel.swift */; };
		99191E472EA1C43F00D2F71A /* ArtistReactionArchiveView.swift in Sources */ = {isa = PBXBuildFile; fileRef = 99191E412EA1C43F00D2F71A /* ArtistReactionArchiveView.swift */; };
		99191E482EA1C43F00D2F71A /* ArtistReactionView.swift in Sources */ = {isa = PBXBuildFile; fileRef = 99191E422EA1C43F00D2F71A /* ArtistReactionView.swift */; };
		99191E4C2EA1C8CF00D2F71A /* ArtistReactionItem.swift in Sources */ = {isa = PBXBuildFile; fileRef = 99191E4B2EA1C8CF00D2F71A /* ArtistReactionItem.swift */; };
		99DAB0A82E9C48D700379F27 /* CameraPreviewView.swift in Sources */ = {isa = PBXBuildFile; fileRef = 99DAB0A72E9C48D100379F27 /* CameraPreviewView.swift */; };
		99DAB0AA2E9C490600379F27 /* CameraManager.swift in Sources */ = {isa = PBXBuildFile; fileRef = 99DAB0A92E9C490300379F27 /* CameraManager.swift */; };
		99DAB0AE2E9C4A2C00379F27 /* ShutterButton.swift in Sources */ = {isa = PBXBuildFile; fileRef = 99DAB0AD2E9C4A2800379F27 /* ShutterButton.swift */; };
		99DAB0B02E9C4BEB00379F27 /* CaptureConfirmView.swift in Sources */ = {isa = PBXBuildFile; fileRef = 99DAB0AF2E9C4BE400379F27 /* CaptureConfirmView.swift */; };
		99DAB0B42E9C765900379F27 /* BottomControllerView.swift in Sources */ = {isa = PBXBuildFile; fileRef = 99DAB0B32E9C765000379F27 /* BottomControllerView.swift */; };
		99DAB0B82E9C7B8000379F27 /* ZoomControlView.swift in Sources */ = {isa = PBXBuildFile; fileRef = 99DAB0B72E9C7B7B00379F27 /* ZoomControlView.swift */; };
		99DAB0BF2E9EB78800379F27 /* CameraError.swift in Sources */ = {isa = PBXBuildFile; fileRef = 99DAB0BE2E9EB78500379F27 /* CameraError.swift */; };
		99DAB0C32E9F33F000379F27 /* PreviewCornerMarks.swift in Sources */ = {isa = PBXBuildFile; fileRef = 99DAB0C22E9F33E100379F27 /* PreviewCornerMarks.swift */; };
		99E6F0B62E91EF48002ED9C2 /* Assets.xcassets in Resources */ = {isa = PBXBuildFile; fileRef = 99E6F0A62E91EF48002ED9C2 /* Assets.xcassets */; };
		99E6F0B72E91EF48002ED9C2 /* LastDanceApp.swift in Sources */ = {isa = PBXBuildFile; fileRef = 99E6F0A82E91EF48002ED9C2 /* LastDanceApp.swift */; };
		99E6F0B92E91EF48002ED9C2 /* Item.swift in Sources */ = {isa = PBXBuildFile; fileRef = 99E6F0B32E91EF48002ED9C2 /* Item.swift */; };
		99E6F0BB2E91EF7D002ED9C2 /* Route.swift in Sources */ = {isa = PBXBuildFile; fileRef = 99E6F0BA2E91EF7A002ED9C2 /* Route.swift */; };
		99E6F0BD2E91EFC0002ED9C2 /* NavigationRouter.swift in Sources */ = {isa = PBXBuildFile; fileRef = 99E6F0BC2E91EFBB002ED9C2 /* NavigationRouter.swift */; };
		99E6F0BF2E91F00A002ED9C2 /* RootView.swift in Sources */ = {isa = PBXBuildFile; fileRef = 99E6F0BE2E91F006002ED9C2 /* RootView.swift */; };
		99E6F0C42E91F14A002ED9C2 /* ExhibitionListViewModel.swift in Sources */ = {isa = PBXBuildFile; fileRef = 99E6F0C32E91F141002ED9C2 /* ExhibitionListViewModel.swift */; };
		99E6F0C62E91F175002ED9C2 /* ExhibitionDetailViewModel.swift in Sources */ = {isa = PBXBuildFile; fileRef = 99E6F0C52E91F174002ED9C2 /* ExhibitionDetailViewModel.swift */; };
		99E6F0CA2E91F1C5002ED9C2 /* CameraViewModel.swift in Sources */ = {isa = PBXBuildFile; fileRef = 99E6F0C92E91F1BF002ED9C2 /* CameraViewModel.swift */; };
		99E6F0CE2E91F206002ED9C2 /* ReactionInputViewModel.swift in Sources */ = {isa = PBXBuildFile; fileRef = 99E6F0CD2E91F1FE002ED9C2 /* ReactionInputViewModel.swift */; };
		99E6F0D22E91F248002ED9C2 /* ArchiveViewModel.swift in Sources */ = {isa = PBXBuildFile; fileRef = 99E6F0D12E91F246002ED9C2 /* ArchiveViewModel.swift */; };
		99E6F0D82E91F2A3002ED9C2 /* OnboardingViewModel.swift in Sources */ = {isa = PBXBuildFile; fileRef = 99E6F0D72E91F29E002ED9C2 /* OnboardingViewModel.swift */; };
		99E6F0FF2E97B0CA002ED9C2 /* Exhibition.swift in Sources */ = {isa = PBXBuildFile; fileRef = 99E6F0FE2E97B0C6002ED9C2 /* Exhibition.swift */; };
		99E6F1012E97B0D1002ED9C2 /* Artwork.swift in Sources */ = {isa = PBXBuildFile; fileRef = 99E6F1002E97B0CE002ED9C2 /* Artwork.swift */; };
		99E6F1032E97B0D6002ED9C2 /* Artist.swift in Sources */ = {isa = PBXBuildFile; fileRef = 99E6F1022E97B0D4002ED9C2 /* Artist.swift */; };
		99E6F1052E97B0DA002ED9C2 /* User.swift in Sources */ = {isa = PBXBuildFile; fileRef = 99E6F1042E97B0D9002ED9C2 /* User.swift */; };
		99E6F1072E97B0E0002ED9C2 /* Venue.swift in Sources */ = {isa = PBXBuildFile; fileRef = 99E6F1062E97B0DD002ED9C2 /* Venue.swift */; };
		99E6F1092E97B0E7002ED9C2 /* CapturedArtwork.swift in Sources */ = {isa = PBXBuildFile; fileRef = 99E6F1082E97B0E3002ED9C2 /* CapturedArtwork.swift */; };
		99E6F10B2E97B0EC002ED9C2 /* Reaction.swift in Sources */ = {isa = PBXBuildFile; fileRef = 99E6F10A2E97B0EA002ED9C2 /* Reaction.swift */; };
		99E6F10D2E97B0F9002ED9C2 /* IdentificatedArtwork.swift in Sources */ = {isa = PBXBuildFile; fileRef = 99E6F10C2E97B0F1002ED9C2 /* IdentificatedArtwork.swift */; };
		99E6F3A02E989CFB002ED9C2 /* MakeArtworkRequestDto.swift in Sources */ = {isa = PBXBuildFile; fileRef = 99E6F3892E989CFB002ED9C2 /* MakeArtworkRequestDto.swift */; };
		99E6F3A12E989CFB002ED9C2 /* ArtworkAPI.swift in Sources */ = {isa = PBXBuildFile; fileRef = 99E6F38B2E989CFB002ED9C2 /* ArtworkAPI.swift */; };
		99E6F3A22E989CFB002ED9C2 /* BaseResponse.swift in Sources */ = {isa = PBXBuildFile; fileRef = 99E6F38D2E989CFB002ED9C2 /* BaseResponse.swift */; };
		99E6F3A32E989CFB002ED9C2 /* BaseTargetType.swift in Sources */ = {isa = PBXBuildFile; fileRef = 99E6F38E2E989CFB002ED9C2 /* BaseTargetType.swift */; };
		99E6F3A42E989CFB002ED9C2 /* NetworkError.swift in Sources */ = {isa = PBXBuildFile; fileRef = 99E6F38F2E989CFB002ED9C2 /* NetworkError.swift */; };
		99E6F3A52E989CFB002ED9C2 /* NetworkLoggerPlugin.swift in Sources */ = {isa = PBXBuildFile; fileRef = 99E6F3902E989CFB002ED9C2 /* NetworkLoggerPlugin.swift */; };
		99E6F3A62E989CFB002ED9C2 /* ExhibitionRequestDto.swift in Sources */ = {isa = PBXBuildFile; fileRef = 99E6F3922E989CFB002ED9C2 /* ExhibitionRequestDto.swift */; };
		99E6F3A72E989CFB002ED9C2 /* ExhibitionAPI.swift in Sources */ = {isa = PBXBuildFile; fileRef = 99E6F3942E989CFB002ED9C2 /* ExhibitionAPI.swift */; };
		99E6F3A82E989CFB002ED9C2 /* ReactionRequestDto.swift in Sources */ = {isa = PBXBuildFile; fileRef = 99E6F3962E989CFB002ED9C2 /* ReactionRequestDto.swift */; };
		99E6F3A92E989CFB002ED9C2 /* ReactionResponseDto.swift in Sources */ = {isa = PBXBuildFile; fileRef = 99E6F3972E989CFB002ED9C2 /* ReactionResponseDto.swift */; };
		99E6F3AA2E989CFB002ED9C2 /* ReactionAPI.swift in Sources */ = {isa = PBXBuildFile; fileRef = 99E6F3992E989CFB002ED9C2 /* ReactionAPI.swift */; };
		99E6F3AB2E989CFB002ED9C2 /* MockDataLoader.swift in Sources */ = {isa = PBXBuildFile; fileRef = 99E6F39C2E989CFB002ED9C2 /* MockDataLoader.swift */; };
		99E6F3AC2E989CFB002ED9C2 /* SwiftDataManager.swift in Sources */ = {isa = PBXBuildFile; fileRef = 99E6F39D2E989CFB002ED9C2 /* SwiftDataManager.swift */; };
		D8C7BEB92E9CEB1900FCB472 /* ArtworkInfoView.swift in Sources */ = {isa = PBXBuildFile; fileRef = D8C7BEB82E9CEB1900FCB472 /* ArtworkInfoView.swift */; };
		D8C7BEBB2E9CEB2400FCB472 /* ReactionFormView.swift in Sources */ = {isa = PBXBuildFile; fileRef = D8C7BEBA2E9CEB2400FCB472 /* ReactionFormView.swift */; };
		D8C7C08F2E9F38F000FCB472 /* UserDefaultsKey.swift in Sources */ = {isa = PBXBuildFile; fileRef = D8C7C08E2E9F38EF00FCB472 /* UserDefaultsKey.swift */; };
		D8C7C0922E9F3E0000FCB472 /* UserDefaults.swift in Sources */ = {isa = PBXBuildFile; fileRef = D8C7C0912E9F3E0000FCB472 /* UserDefaults.swift */; };
		D8C7C0942E9F3E0700FCB472 /* UIImage.swift in Sources */ = {isa = PBXBuildFile; fileRef = D8C7C0932E9F3E0700FCB472 /* UIImage.swift */; };
		D8C7C0962E9F3E6100FCB472 /* CustomNavigationBar.swift in Sources */ = {isa = PBXBuildFile; fileRef = D8C7C0952E9F3E6100FCB472 /* CustomNavigationBar.swift */; };
		D8C7C0982E9F3EFA00FCB472 /* CategoryView.swift in Sources */ = {isa = PBXBuildFile; fileRef = D8C7C0972E9F3EFA00FCB472 /* CategoryView.swift */; };
		D8C7C09A2E9F3F1B00FCB472 /* CompleteReactionView.swift in Sources */ = {isa = PBXBuildFile; fileRef = D8C7C0992E9F3F1700FCB472 /* CompleteReactionView.swift */; };
		D8C7C09C2E9F3F7800FCB472 /* BackButton.swift in Sources */ = {isa = PBXBuildFile; fileRef = D8C7C09B2E9F3F7800FCB472 /* BackButton.swift */; };
		D8C7C0A52E9F4A9300FCB472 /* InputArtworkInfoView.swift in Sources */ = {isa = PBXBuildFile; fileRef = D8C7C0A42E9F4A8700FCB472 /* InputArtworkInfoView.swift */; };
		D8C7C0A92E9F729A00FCB472 /* CustomBottomSheet.swift in Sources */ = {isa = PBXBuildFile; fileRef = D8C7C0A82E9F728F00FCB472 /* CustomBottomSheet.swift */; };
		D8C7C0AB2E9F891500FCB472 /* BottomSheetType.swift in Sources */ = {isa = PBXBuildFile; fileRef = D8C7C0AA2E9F891000FCB472 /* BottomSheetType.swift */; };
		D8C7C0AF2E9FBE7300FCB472 /* Config.swift in Sources */ = {isa = PBXBuildFile; fileRef = D8C7C0AE2E9FBE7100FCB472 /* Config.swift */; };
		D8C7C0B12E9FEFD900FCB472 /* ReactionAPIService.swift in Sources */ = {isa = PBXBuildFile; fileRef = D8C7C0B02E9FEFCE00FCB472 /* ReactionAPIService.swift */; };
		D8C7C2822EA0026E00FCB472 /* GetReactionResponseDto.swift in Sources */ = {isa = PBXBuildFile; fileRef = D8C7C2812EA0026000FCB472 /* GetReactionResponseDto.swift */; };
		D8C7C2882EA091E500FCB472 /* ErrorResponseDto.swift in Sources */ = {isa = PBXBuildFile; fileRef = D8C7C2872EA091E500FCB472 /* ErrorResponseDto.swift */; };
		D8C7C28A2EA0D02900FCB472 /* APIVersion.swift in Sources */ = {isa = PBXBuildFile; fileRef = D8C7C2892EA0D02500FCB472 /* APIVersion.swift */; };
		D8C7C28C2EA0D0A200FCB472 /* ReactionDetailResponseDto.swift in Sources */ = {isa = PBXBuildFile; fileRef = D8C7C28B2EA0D08A00FCB472 /* ReactionDetailResponseDto.swift */; };
		D8C7C28E2EA0D0C200FCB472 /* ArtworkDetailResponseDto.swift in Sources */ = {isa = PBXBuildFile; fileRef = D8C7C28D2EA0D0B900FCB472 /* ArtworkDetailResponseDto.swift */; };
		D8C7C2902EA0D0ED00FCB472 /* VisitorResponseDto.swift in Sources */ = {isa = PBXBuildFile; fileRef = D8C7C28F2EA0D0E500FCB472 /* VisitorResponseDto.swift */; };
		D8C7C2922EA0D10700FCB472 /* TagDetailResponseDto.swift in Sources */ = {isa = PBXBuildFile; fileRef = D8C7C2912EA0D10200FCB472 /* TagDetailResponseDto.swift */; };
		D8C7C2C82EA29A1100FCB472 /* ArtworkAPIService.swift in Sources */ = {isa = PBXBuildFile; fileRef = D8C7C2C72EA29A0800FCB472 /* ArtworkAPIService.swift */; };
		D8C7C2CA2EA2A16300FCB472 /* ArtworkResponseDto.swift in Sources */ = {isa = PBXBuildFile; fileRef = D8C7C2C92EA2A14F00FCB472 /* ArtworkResponseDto.swift */; };
		D8C7C2CC2EA2A6F100FCB472 /* ExhibitionArchiveView.swift in Sources */ = {isa = PBXBuildFile; fileRef = D8C7C2CB2EA2A6F100FCB472 /* ExhibitionArchiveView.swift */; };
		D8C7C2CE2EA2A6F500FCB472 /* ArchiveHomeView.swift in Sources */ = {isa = PBXBuildFile; fileRef = D8C7C2CD2EA2A6F500FCB472 /* ArchiveHomeView.swift */; };
		D8C7C2D02EA2A70100FCB472 /* ArchiveViewHome.swift in Sources */ = {isa = PBXBuildFile; fileRef = D8C7C2CF2EA2A70100FCB472 /* ArchiveViewHome.swift */; };
		D8C7C2D22EA2A70B00FCB472 /* ExhibitionArchiveViewModel.swift in Sources */ = {isa = PBXBuildFile; fileRef = D8C7C2D12EA2A70B00FCB472 /* ExhibitionArchiveViewModel.swift */; };
		D8C7C2D42EA2A70F00FCB472 /* ArchiveHomeViewModel.swift in Sources */ = {isa = PBXBuildFile; fileRef = D8C7C2D32EA2A70F00FCB472 /* ArchiveHomeViewModel.swift */; };
		D8C7C2D62EA2AB9300FCB472 /* Date+Extensions.swift in Sources */ = {isa = PBXBuildFile; fileRef = D8C7C2D52EA2AB9300FCB472 /* Date+Extensions.swift */; };
/* End PBXBuildFile section */

/* Begin PBXFileReference section */
		8C0F9F492E9CE128005B8C12 /* IdentitySelectionViewModel.swift */ = {isa = PBXFileReference; lastKnownFileType = sourcecode.swift; path = IdentitySelectionViewModel.swift; sourceTree = "<group>"; };
		8C0F9F4B2E9CE192005B8C12 /* UserType.swift */ = {isa = PBXFileReference; lastKnownFileType = sourcecode.swift; path = UserType.swift; sourceTree = "<group>"; };
		8C0F9F4D2E9CE1CB005B8C12 /* CircleSelectionButton.swift */ = {isa = PBXFileReference; lastKnownFileType = sourcecode.swift; path = CircleSelectionButton.swift; sourceTree = "<group>"; };
		8C0F9F4F2E9CE479005B8C12 /* CircleAddButton.swift */ = {isa = PBXFileReference; lastKnownFileType = sourcecode.swift; path = CircleAddButton.swift; sourceTree = "<group>"; };
		8C0F9F552E9CE508005B8C12 /* ArchivingViewModel.swift */ = {isa = PBXFileReference; lastKnownFileType = sourcecode.swift; path = ArchivingViewModel.swift; sourceTree = "<group>"; };
		8C3B37A12E9E69BC003FF185 /* ArticleExhibitionListView.swift */ = {isa = PBXFileReference; lastKnownFileType = sourcecode.swift; path = ArticleExhibitionListView.swift; sourceTree = "<group>"; };
		8C3B37A32E9E6A5C003FF185 /* ArticleExhibitionListViewModel.swift */ = {isa = PBXFileReference; lastKnownFileType = sourcecode.swift; path = ArticleExhibitionListViewModel.swift; sourceTree = "<group>"; };
		8C3B37A52E9E7089003FF185 /* PageIndicator.swift */ = {isa = PBXFileReference; lastKnownFileType = sourcecode.swift; path = PageIndicator.swift; sourceTree = "<group>"; };
		8C3B37A72E9E716C003FF185 /* ArticleListView.swift */ = {isa = PBXFileReference; lastKnownFileType = sourcecode.swift; path = ArticleListView.swift; sourceTree = "<group>"; };
		8C3B37A92E9E7932003FF185 /* ArticleListViewModel.swift */ = {isa = PBXFileReference; lastKnownFileType = sourcecode.swift; path = ArticleListViewModel.swift; sourceTree = "<group>"; };
		8C3B37AB2E9E7C95003FF185 /* CompleteArticleListView.swift */ = {isa = PBXFileReference; lastKnownFileType = sourcecode.swift; path = CompleteArticleListView.swift; sourceTree = "<group>"; };
		8C3B37AF2E9EB7B3003FF185 /* OnboardingView.swift */ = {isa = PBXFileReference; lastKnownFileType = sourcecode.swift; path = OnboardingView.swift; sourceTree = "<group>"; };
		8C3B37B12E9EB7C0003FF185 /* ArticleArchivingView.swift */ = {isa = PBXFileReference; lastKnownFileType = sourcecode.swift; path = ArticleArchivingView.swift; sourceTree = "<group>"; };
		8C3B37B22E9EB7C0003FF185 /* AudienceArchivingView.swift */ = {isa = PBXFileReference; lastKnownFileType = sourcecode.swift; path = AudienceArchivingView.swift; sourceTree = "<group>"; };
		8C3B37B32E9EB7C0003FF185 /* IdentitySelectionView.swift */ = {isa = PBXFileReference; lastKnownFileType = sourcecode.swift; path = IdentitySelectionView.swift; sourceTree = "<group>"; };
		8C3B37B92E9EB82B003FF185 /* ExhibitionListView.swift */ = {isa = PBXFileReference; lastKnownFileType = sourcecode.swift; path = ExhibitionListView.swift; sourceTree = "<group>"; };
		8C3B37BB2E9EB838003FF185 /* ExhibitionDetailView.swift */ = {isa = PBXFileReference; lastKnownFileType = sourcecode.swift; path = ExhibitionDetailView.swift; sourceTree = "<group>"; };
		8C3B37BD2E9EB857003FF185 /* CameraView.swift */ = {isa = PBXFileReference; lastKnownFileType = sourcecode.swift; path = CameraView.swift; sourceTree = "<group>"; };
		8C3B37C52E9EB8DE003FF185 /* ArchiveView.swift */ = {isa = PBXFileReference; lastKnownFileType = sourcecode.swift; path = ArchiveView.swift; sourceTree = "<group>"; };
		963572422E980E2400B2FA79 /* OSLog.framework */ = {isa = PBXFileReference; lastKnownFileType = wrapper.framework; name = OSLog.framework; path = System/Library/Frameworks/OSLog.framework; sourceTree = SDKROOT; };
		9635739D2E98F28300B2FA79 /* ArtworkDetailView.swift */ = {isa = PBXFileReference; lastKnownFileType = sourcecode.swift; path = ArtworkDetailView.swift; sourceTree = "<group>"; };
		963573A02E990EE000B2FA79 /* KeyboardManager.swift */ = {isa = PBXFileReference; lastKnownFileType = sourcecode.swift; path = KeyboardManager.swift; sourceTree = "<group>"; };
		963573AA2E9A4A9A00B2FA79 /* CompleteReactionView.swift */ = {isa = PBXFileReference; lastKnownFileType = sourcecode.swift; path = CompleteReactionView.swift; sourceTree = "<group>"; };
		963573AD2E9A4F6E00B2FA79 /* OutlinedButton.swift */ = {isa = PBXFileReference; lastKnownFileType = sourcecode.swift; path = OutlinedButton.swift; sourceTree = "<group>"; };
		963573AF2E9ABC6400B2FA79 /* CategoryButton.swift */ = {isa = PBXFileReference; lastKnownFileType = sourcecode.swift; path = CategoryButton.swift; sourceTree = "<group>"; };
		963573B32E9ABD4800B2FA79 /* BottomButton.swift */ = {isa = PBXFileReference; lastKnownFileType = sourcecode.swift; path = BottomButton.swift; sourceTree = "<group>"; };
		963573BE2E9B84D500B2FA79 /* Log.swift */ = {isa = PBXFileReference; lastKnownFileType = sourcecode.swift; path = Log.swift; sourceTree = "<group>"; };
		99191E1E2EA1994900D2F71A /* CompleteArticleListViewModel.swift */ = {isa = PBXFileReference; lastKnownFileType = sourcecode.swift; path = CompleteArticleListViewModel.swift; sourceTree = "<group>"; };
		99191E202EA199A100D2F71A /* TitleSection.swift */ = {isa = PBXFileReference; lastKnownFileType = sourcecode.swift; path = TitleSection.swift; sourceTree = "<group>"; };
		99191E222EA199B300D2F71A /* SelectionRow.swift */ = {isa = PBXFileReference; lastKnownFileType = sourcecode.swift; path = SelectionRow.swift; sourceTree = "<group>"; };
		99191E242EA199BB00D2F71A /* CustomAlert.swift */ = {isa = PBXFileReference; lastKnownFileType = sourcecode.swift; path = CustomAlert.swift; sourceTree = "<group>"; };
		99191E262EA199F300D2F71A /* View+CustomAlert.swift */ = {isa = PBXFileReference; lastKnownFileType = sourcecode.swift; path = "View+CustomAlert.swift"; sourceTree = "<group>"; };
		99191E3E2EA1C43F00D2F71A /* ArtistReactionArchiveViewModel.swift */ = {isa = PBXFileReference; lastKnownFileType = sourcecode.swift; path = ArtistReactionArchiveViewModel.swift; sourceTree = "<group>"; };
		99191E3F2EA1C43F00D2F71A /* ArtistReactionViewModel.swift */ = {isa = PBXFileReference; lastKnownFileType = sourcecode.swift; path = ArtistReactionViewModel.swift; sourceTree = "<group>"; };
		99191E412EA1C43F00D2F71A /* ArtistReactionArchiveView.swift */ = {isa = PBXFileReference; lastKnownFileType = sourcecode.swift; path = ArtistReactionArchiveView.swift; sourceTree = "<group>"; };
		99191E422EA1C43F00D2F71A /* ArtistReactionView.swift */ = {isa = PBXFileReference; lastKnownFileType = sourcecode.swift; path = ArtistReactionView.swift; sourceTree = "<group>"; };
		99191E4B2EA1C8CF00D2F71A /* ArtistReactionItem.swift */ = {isa = PBXFileReference; lastKnownFileType = sourcecode.swift; path = ArtistReactionItem.swift; sourceTree = "<group>"; };
		99DAB0A72E9C48D100379F27 /* CameraPreviewView.swift */ = {isa = PBXFileReference; lastKnownFileType = sourcecode.swift; path = CameraPreviewView.swift; sourceTree = "<group>"; };
		99DAB0A92E9C490300379F27 /* CameraManager.swift */ = {isa = PBXFileReference; lastKnownFileType = sourcecode.swift; path = CameraManager.swift; sourceTree = "<group>"; };
		99DAB0AD2E9C4A2800379F27 /* ShutterButton.swift */ = {isa = PBXFileReference; lastKnownFileType = sourcecode.swift; path = ShutterButton.swift; sourceTree = "<group>"; };
		99DAB0AF2E9C4BE400379F27 /* CaptureConfirmView.swift */ = {isa = PBXFileReference; lastKnownFileType = sourcecode.swift; path = CaptureConfirmView.swift; sourceTree = "<group>"; };
		99DAB0B32E9C765000379F27 /* BottomControllerView.swift */ = {isa = PBXFileReference; lastKnownFileType = sourcecode.swift; path = BottomControllerView.swift; sourceTree = "<group>"; };
		99DAB0B72E9C7B7B00379F27 /* ZoomControlView.swift */ = {isa = PBXFileReference; lastKnownFileType = sourcecode.swift; path = ZoomControlView.swift; sourceTree = "<group>"; };
		99DAB0BE2E9EB78500379F27 /* CameraError.swift */ = {isa = PBXFileReference; lastKnownFileType = sourcecode.swift; path = CameraError.swift; sourceTree = "<group>"; };
		99DAB0C22E9F33E100379F27 /* PreviewCornerMarks.swift */ = {isa = PBXFileReference; lastKnownFileType = sourcecode.swift; path = PreviewCornerMarks.swift; sourceTree = "<group>"; };
		99E6F0672E91E4A9002ED9C2 /* LastDance.app */ = {isa = PBXFileReference; explicitFileType = wrapper.application; includeInIndex = 0; path = LastDance.app; sourceTree = BUILT_PRODUCTS_DIR; };
		99E6F0A42E91EF48002ED9C2 /* Preview Assets.xcassets */ = {isa = PBXFileReference; lastKnownFileType = folder.assetcatalog; path = "Preview Assets.xcassets"; sourceTree = "<group>"; };
		99E6F0A62E91EF48002ED9C2 /* Assets.xcassets */ = {isa = PBXFileReference; lastKnownFileType = folder.assetcatalog; path = Assets.xcassets; sourceTree = "<group>"; };
		99E6F0A82E91EF48002ED9C2 /* LastDanceApp.swift */ = {isa = PBXFileReference; lastKnownFileType = sourcecode.swift; path = LastDanceApp.swift; sourceTree = "<group>"; };
		99E6F0B32E91EF48002ED9C2 /* Item.swift */ = {isa = PBXFileReference; lastKnownFileType = sourcecode.swift; path = Item.swift; sourceTree = "<group>"; };
		99E6F0BA2E91EF7A002ED9C2 /* Route.swift */ = {isa = PBXFileReference; lastKnownFileType = sourcecode.swift; path = Route.swift; sourceTree = "<group>"; };
		99E6F0BC2E91EFBB002ED9C2 /* NavigationRouter.swift */ = {isa = PBXFileReference; lastKnownFileType = sourcecode.swift; path = NavigationRouter.swift; sourceTree = "<group>"; };
		99E6F0BE2E91F006002ED9C2 /* RootView.swift */ = {isa = PBXFileReference; lastKnownFileType = sourcecode.swift; path = RootView.swift; sourceTree = "<group>"; };
		99E6F0C32E91F141002ED9C2 /* ExhibitionListViewModel.swift */ = {isa = PBXFileReference; lastKnownFileType = sourcecode.swift; path = ExhibitionListViewModel.swift; sourceTree = "<group>"; };
		99E6F0C52E91F174002ED9C2 /* ExhibitionDetailViewModel.swift */ = {isa = PBXFileReference; lastKnownFileType = sourcecode.swift; path = ExhibitionDetailViewModel.swift; sourceTree = "<group>"; };
		99E6F0C92E91F1BF002ED9C2 /* CameraViewModel.swift */ = {isa = PBXFileReference; lastKnownFileType = sourcecode.swift; path = CameraViewModel.swift; sourceTree = "<group>"; };
		99E6F0CD2E91F1FE002ED9C2 /* ReactionInputViewModel.swift */ = {isa = PBXFileReference; lastKnownFileType = sourcecode.swift; path = ReactionInputViewModel.swift; sourceTree = "<group>"; };
		99E6F0D12E91F246002ED9C2 /* ArchiveViewModel.swift */ = {isa = PBXFileReference; lastKnownFileType = sourcecode.swift; path = ArchiveViewModel.swift; sourceTree = "<group>"; };
		99E6F0D72E91F29E002ED9C2 /* OnboardingViewModel.swift */ = {isa = PBXFileReference; lastKnownFileType = sourcecode.swift; path = OnboardingViewModel.swift; sourceTree = "<group>"; };
		99E6F0F62E93B138002ED9C2 /* .swiftlint.yml */ = {isa = PBXFileReference; lastKnownFileType = text.yaml; path = .swiftlint.yml; sourceTree = "<group>"; };
		99E6F0FE2E97B0C6002ED9C2 /* Exhibition.swift */ = {isa = PBXFileReference; lastKnownFileType = sourcecode.swift; path = Exhibition.swift; sourceTree = "<group>"; };
		99E6F1002E97B0CE002ED9C2 /* Artwork.swift */ = {isa = PBXFileReference; lastKnownFileType = sourcecode.swift; path = Artwork.swift; sourceTree = "<group>"; };
		99E6F1022E97B0D4002ED9C2 /* Artist.swift */ = {isa = PBXFileReference; lastKnownFileType = sourcecode.swift; path = Artist.swift; sourceTree = "<group>"; };
		99E6F1042E97B0D9002ED9C2 /* User.swift */ = {isa = PBXFileReference; lastKnownFileType = sourcecode.swift; path = User.swift; sourceTree = "<group>"; };
		99E6F1062E97B0DD002ED9C2 /* Venue.swift */ = {isa = PBXFileReference; lastKnownFileType = sourcecode.swift; path = Venue.swift; sourceTree = "<group>"; };
		99E6F1082E97B0E3002ED9C2 /* CapturedArtwork.swift */ = {isa = PBXFileReference; lastKnownFileType = sourcecode.swift; path = CapturedArtwork.swift; sourceTree = "<group>"; };
		99E6F10A2E97B0EA002ED9C2 /* Reaction.swift */ = {isa = PBXFileReference; lastKnownFileType = sourcecode.swift; path = Reaction.swift; sourceTree = "<group>"; };
		99E6F10C2E97B0F1002ED9C2 /* IdentificatedArtwork.swift */ = {isa = PBXFileReference; lastKnownFileType = sourcecode.swift; path = IdentificatedArtwork.swift; sourceTree = "<group>"; };
		99E6F3892E989CFB002ED9C2 /* MakeArtworkRequestDto.swift */ = {isa = PBXFileReference; lastKnownFileType = sourcecode.swift; path = MakeArtworkRequestDto.swift; sourceTree = "<group>"; };
		99E6F38B2E989CFB002ED9C2 /* ArtworkAPI.swift */ = {isa = PBXFileReference; lastKnownFileType = sourcecode.swift; path = ArtworkAPI.swift; sourceTree = "<group>"; };
		99E6F38D2E989CFB002ED9C2 /* BaseResponse.swift */ = {isa = PBXFileReference; lastKnownFileType = sourcecode.swift; path = BaseResponse.swift; sourceTree = "<group>"; };
		99E6F38E2E989CFB002ED9C2 /* BaseTargetType.swift */ = {isa = PBXFileReference; lastKnownFileType = sourcecode.swift; path = BaseTargetType.swift; sourceTree = "<group>"; };
		99E6F38F2E989CFB002ED9C2 /* NetworkError.swift */ = {isa = PBXFileReference; lastKnownFileType = sourcecode.swift; path = NetworkError.swift; sourceTree = "<group>"; };
		99E6F3902E989CFB002ED9C2 /* NetworkLoggerPlugin.swift */ = {isa = PBXFileReference; lastKnownFileType = sourcecode.swift; path = NetworkLoggerPlugin.swift; sourceTree = "<group>"; };
		99E6F3922E989CFB002ED9C2 /* ExhibitionRequestDto.swift */ = {isa = PBXFileReference; lastKnownFileType = sourcecode.swift; path = ExhibitionRequestDto.swift; sourceTree = "<group>"; };
		99E6F3942E989CFB002ED9C2 /* ExhibitionAPI.swift */ = {isa = PBXFileReference; lastKnownFileType = sourcecode.swift; path = ExhibitionAPI.swift; sourceTree = "<group>"; };
		99E6F3962E989CFB002ED9C2 /* ReactionRequestDto.swift */ = {isa = PBXFileReference; lastKnownFileType = sourcecode.swift; path = ReactionRequestDto.swift; sourceTree = "<group>"; };
		99E6F3972E989CFB002ED9C2 /* ReactionResponseDto.swift */ = {isa = PBXFileReference; lastKnownFileType = sourcecode.swift; path = ReactionResponseDto.swift; sourceTree = "<group>"; };
		99E6F3992E989CFB002ED9C2 /* ReactionAPI.swift */ = {isa = PBXFileReference; lastKnownFileType = sourcecode.swift; path = ReactionAPI.swift; sourceTree = "<group>"; };
		99E6F39C2E989CFB002ED9C2 /* MockDataLoader.swift */ = {isa = PBXFileReference; lastKnownFileType = sourcecode.swift; path = MockDataLoader.swift; sourceTree = "<group>"; };
		99E6F39D2E989CFB002ED9C2 /* SwiftDataManager.swift */ = {isa = PBXFileReference; lastKnownFileType = sourcecode.swift; path = SwiftDataManager.swift; sourceTree = "<group>"; };
		D8C7BEB82E9CEB1900FCB472 /* ArtworkInfoView.swift */ = {isa = PBXFileReference; lastKnownFileType = sourcecode.swift; path = ArtworkInfoView.swift; sourceTree = "<group>"; };
		D8C7BEBA2E9CEB2400FCB472 /* ReactionFormView.swift */ = {isa = PBXFileReference; lastKnownFileType = sourcecode.swift; path = ReactionFormView.swift; sourceTree = "<group>"; };
		D8C7C08A2E9F34CC00FCB472 /* PrivacyInfo.xcprivacy */ = {isa = PBXFileReference; lastKnownFileType = text.xml; path = PrivacyInfo.xcprivacy; sourceTree = "<group>"; };
		D8C7C08E2E9F38EF00FCB472 /* UserDefaultsKey.swift */ = {isa = PBXFileReference; lastKnownFileType = sourcecode.swift; path = UserDefaultsKey.swift; sourceTree = "<group>"; };
		D8C7C0912E9F3E0000FCB472 /* UserDefaults.swift */ = {isa = PBXFileReference; lastKnownFileType = sourcecode.swift; path = UserDefaults.swift; sourceTree = "<group>"; };
		D8C7C0932E9F3E0700FCB472 /* UIImage.swift */ = {isa = PBXFileReference; lastKnownFileType = sourcecode.swift; path = UIImage.swift; sourceTree = "<group>"; };
		D8C7C0952E9F3E6100FCB472 /* CustomNavigationBar.swift */ = {isa = PBXFileReference; lastKnownFileType = sourcecode.swift; path = CustomNavigationBar.swift; sourceTree = "<group>"; };
		D8C7C0972E9F3EFA00FCB472 /* CategoryView.swift */ = {isa = PBXFileReference; lastKnownFileType = sourcecode.swift; path = CategoryView.swift; sourceTree = "<group>"; };
		D8C7C0992E9F3F1700FCB472 /* CompleteReactionView.swift */ = {isa = PBXFileReference; lastKnownFileType = sourcecode.swift; path = CompleteReactionView.swift; sourceTree = "<group>"; };
		D8C7C09B2E9F3F7800FCB472 /* BackButton.swift */ = {isa = PBXFileReference; lastKnownFileType = sourcecode.swift; path = BackButton.swift; sourceTree = "<group>"; };
		D8C7C0A42E9F4A8700FCB472 /* InputArtworkInfoView.swift */ = {isa = PBXFileReference; lastKnownFileType = sourcecode.swift; path = InputArtworkInfoView.swift; sourceTree = "<group>"; };
		D8C7C0A82E9F728F00FCB472 /* CustomBottomSheet.swift */ = {isa = PBXFileReference; lastKnownFileType = sourcecode.swift; path = CustomBottomSheet.swift; sourceTree = "<group>"; };
		D8C7C0AA2E9F891000FCB472 /* BottomSheetType.swift */ = {isa = PBXFileReference; lastKnownFileType = sourcecode.swift; path = BottomSheetType.swift; sourceTree = "<group>"; };
		D8C7C0AD2E9FBD9900FCB472 /* Config.xcconfig */ = {isa = PBXFileReference; lastKnownFileType = text.xcconfig; path = Config.xcconfig; sourceTree = "<group>"; };
		D8C7C0AE2E9FBE7100FCB472 /* Config.swift */ = {isa = PBXFileReference; lastKnownFileType = sourcecode.swift; path = Config.swift; sourceTree = "<group>"; };
		D8C7C0B02E9FEFCE00FCB472 /* ReactionAPIService.swift */ = {isa = PBXFileReference; lastKnownFileType = sourcecode.swift; path = ReactionAPIService.swift; sourceTree = "<group>"; };
		D8C7C27D2E9FFAE600FCB472 /* Info.plist */ = {isa = PBXFileReference; lastKnownFileType = text.plist.xml; path = Info.plist; sourceTree = "<group>"; };
		D8C7C2812EA0026000FCB472 /* GetReactionResponseDto.swift */ = {isa = PBXFileReference; lastKnownFileType = sourcecode.swift; path = GetReactionResponseDto.swift; sourceTree = "<group>"; };
		D8C7C2872EA091E500FCB472 /* ErrorResponseDto.swift */ = {isa = PBXFileReference; lastKnownFileType = sourcecode.swift; path = ErrorResponseDto.swift; sourceTree = "<group>"; };
		D8C7C2892EA0D02500FCB472 /* APIVersion.swift */ = {isa = PBXFileReference; lastKnownFileType = sourcecode.swift; path = APIVersion.swift; sourceTree = "<group>"; };
		D8C7C28B2EA0D08A00FCB472 /* ReactionDetailResponseDto.swift */ = {isa = PBXFileReference; lastKnownFileType = sourcecode.swift; path = ReactionDetailResponseDto.swift; sourceTree = "<group>"; };
		D8C7C28D2EA0D0B900FCB472 /* ArtworkDetailResponseDto.swift */ = {isa = PBXFileReference; lastKnownFileType = sourcecode.swift; path = ArtworkDetailResponseDto.swift; sourceTree = "<group>"; };
		D8C7C28F2EA0D0E500FCB472 /* VisitorResponseDto.swift */ = {isa = PBXFileReference; lastKnownFileType = sourcecode.swift; path = VisitorResponseDto.swift; sourceTree = "<group>"; };
		D8C7C2912EA0D10200FCB472 /* TagDetailResponseDto.swift */ = {isa = PBXFileReference; lastKnownFileType = sourcecode.swift; path = TagDetailResponseDto.swift; sourceTree = "<group>"; };
		D8C7C2C72EA29A0800FCB472 /* ArtworkAPIService.swift */ = {isa = PBXFileReference; lastKnownFileType = sourcecode.swift; path = ArtworkAPIService.swift; sourceTree = "<group>"; };
		D8C7C2C92EA2A14F00FCB472 /* ArtworkResponseDto.swift */ = {isa = PBXFileReference; lastKnownFileType = sourcecode.swift; path = ArtworkResponseDto.swift; sourceTree = "<group>"; };
		D8C7C2CB2EA2A6F100FCB472 /* ExhibitionArchiveView.swift */ = {isa = PBXFileReference; lastKnownFileType = sourcecode.swift; path = ExhibitionArchiveView.swift; sourceTree = "<group>"; };
		D8C7C2CD2EA2A6F500FCB472 /* ArchiveHomeView.swift */ = {isa = PBXFileReference; lastKnownFileType = sourcecode.swift; path = ArchiveHomeView.swift; sourceTree = "<group>"; };
		D8C7C2CF2EA2A70100FCB472 /* ArchiveViewHome.swift */ = {isa = PBXFileReference; lastKnownFileType = sourcecode.swift; path = ArchiveViewHome.swift; sourceTree = "<group>"; };
		D8C7C2D12EA2A70B00FCB472 /* ExhibitionArchiveViewModel.swift */ = {isa = PBXFileReference; lastKnownFileType = sourcecode.swift; path = ExhibitionArchiveViewModel.swift; sourceTree = "<group>"; };
		D8C7C2D32EA2A70F00FCB472 /* ArchiveHomeViewModel.swift */ = {isa = PBXFileReference; lastKnownFileType = sourcecode.swift; path = ArchiveHomeViewModel.swift; sourceTree = "<group>"; };
		D8C7C2D52EA2AB9300FCB472 /* Date+Extensions.swift */ = {isa = PBXFileReference; lastKnownFileType = sourcecode.swift; path = "Date+Extensions.swift"; sourceTree = "<group>"; };
/* End PBXFileReference section */

/* Begin PBXFrameworksBuildPhase section */
		99E6F0642E91E4A9002ED9C2 /* Frameworks */ = {
			isa = PBXFrameworksBuildPhase;
			buildActionMask = 2147483647;
			files = (
				963572432E980E2400B2FA79 /* OSLog.framework in Frameworks */,
				96B1CA1C2E954A5C003E7C1C /* Moya in Frameworks */,
				96B1CA1A2E954A5C003E7C1C /* CombineMoya in Frameworks */,
			);
			runOnlyForDeploymentPostprocessing = 0;
		};
/* End PBXFrameworksBuildPhase section */

/* Begin PBXGroup section */
		963572412E980E2400B2FA79 /* Frameworks */ = {
			isa = PBXGroup;
			children = (
				963572422E980E2400B2FA79 /* OSLog.framework */,
			);
			name = Frameworks;
			sourceTree = "<group>";
		};
		9635739C2E98F27100B2FA79 /* Views */ = {
			isa = PBXGroup;
			children = (
				D8C7C0A42E9F4A8700FCB472 /* InputArtworkInfoView.swift */,
				D8C7C0992E9F3F1700FCB472 /* CompleteReactionView.swift */,
				D8C7BEB82E9CEB1900FCB472 /* ArtworkInfoView.swift */,
				D8C7BEBA2E9CEB2400FCB472 /* ReactionFormView.swift */,
				9635739D2E98F28300B2FA79 /* ArtworkDetailView.swift */,
				D8C7C0972E9F3EFA00FCB472 /* CategoryView.swift */,
			);
			path = Views;
			sourceTree = "<group>";
		};
		9635739F2E990ED800B2FA79 /* Manager */ = {
			isa = PBXGroup;
			children = (
				99DAB0A92E9C490300379F27 /* CameraManager.swift */,
				963573A02E990EE000B2FA79 /* KeyboardManager.swift */,
			);
			path = Manager;
			sourceTree = "<group>";
		};
		963573AC2E9A4F2B00B2FA79 /* Components */ = {
			isa = PBXGroup;
			children = (
				8C3B37A52E9E7089003FF185 /* PageIndicator.swift */,
				D8C7C0A82E9F728F00FCB472 /* CustomBottomSheet.swift */,
				D8C7C09B2E9F3F7800FCB472 /* BackButton.swift */,
				D8C7C0952E9F3E6100FCB472 /* CustomNavigationBar.swift */,
				963573AD2E9A4F6E00B2FA79 /* OutlinedButton.swift */,
				963573AF2E9ABC6400B2FA79 /* CategoryButton.swift */,
				963573B32E9ABD4800B2FA79 /* BottomButton.swift */,
				8C0F9F4D2E9CE1CB005B8C12 /* CircleSelectionButton.swift */,
				8C0F9F4F2E9CE479005B8C12 /* CircleAddButton.swift */,
				99191E202EA199A100D2F71A /* TitleSection.swift */,
				99191E222EA199B300D2F71A /* SelectionRow.swift */,
				99191E242EA199BB00D2F71A /* CustomAlert.swift */,
			);
			path = Components;
			sourceTree = "<group>";
		};
		963573C02E9B84ED00B2FA79 /* Extensions */ = {
			isa = PBXGroup;
			children = (
				D8C7C0932E9F3E0700FCB472 /* UIImage.swift */,
				D8C7C2D52EA2AB9300FCB472 /* Date+Extensions.swift */,
				963573BE2E9B84D500B2FA79 /* Log.swift */,
				D8C7C0912E9F3E0000FCB472 /* UserDefaults.swift */,
				99191E262EA199F300D2F71A /* View+CustomAlert.swift */,
			);
			path = Extensions;
			sourceTree = "<group>";
		};
		99191E402EA1C43F00D2F71A /* ViewModel */ = {
			isa = PBXGroup;
			children = (
				99191E3E2EA1C43F00D2F71A /* ArtistReactionArchiveViewModel.swift */,
				99191E3F2EA1C43F00D2F71A /* ArtistReactionViewModel.swift */,
			);
			path = ViewModel;
			sourceTree = "<group>";
		};
		99191E432EA1C43F00D2F71A /* Views */ = {
			isa = PBXGroup;
			children = (
				99191E412EA1C43F00D2F71A /* ArtistReactionArchiveView.swift */,
				99191E422EA1C43F00D2F71A /* ArtistReactionView.swift */,
			);
			path = Views;
			sourceTree = "<group>";
		};
		99191E442EA1C43F00D2F71A /* ArtistArchive */ = {
			isa = PBXGroup;
			children = (
				99191E402EA1C43F00D2F71A /* ViewModel */,
				99191E432EA1C43F00D2F71A /* Views */,
			);
			path = ArtistArchive;
			sourceTree = "<group>";
		};
		99DAB0BD2E9EB77900379F27 /* Errors */ = {
			isa = PBXGroup;
			children = (
				99DAB0BE2E9EB78500379F27 /* CameraError.swift */,
			);
			path = Errors;
			sourceTree = "<group>";
		};
		99E6F05E2E91E4A9002ED9C2 = {
			isa = PBXGroup;
			children = (
				D8C7C0AD2E9FBD9900FCB472 /* Config.xcconfig */,
				D8C7C08A2E9F34CC00FCB472 /* PrivacyInfo.xcprivacy */,
				99E6F0F62E93B138002ED9C2 /* .swiftlint.yml */,
				99E6F0B42E91EF48002ED9C2 /* LastDance */,
				963572412E980E2400B2FA79 /* Frameworks */,
				99E6F0682E91E4A9002ED9C2 /* Products */,
				D8C7C0902E9F3D3400FCB472 /* Recovered References */,
			);
			sourceTree = "<group>";
		};
		99E6F0682E91E4A9002ED9C2 /* Products */ = {
			isa = PBXGroup;
			children = (
				99E6F0672E91E4A9002ED9C2 /* LastDance.app */,
			);
			name = Products;
			sourceTree = "<group>";
		};
		99E6F0A52E91EF48002ED9C2 /* Preview Content */ = {
			isa = PBXGroup;
			children = (
				99E6F0A42E91EF48002ED9C2 /* Preview Assets.xcassets */,
			);
			path = "Preview Content";
			sourceTree = "<group>";
		};
		99E6F0A72E91EF48002ED9C2 /* Resources */ = {
			isa = PBXGroup;
			children = (
				99E6F0A62E91EF48002ED9C2 /* Assets.xcassets */,
			);
			path = Resources;
			sourceTree = "<group>";
		};
		99E6F0A92E91EF48002ED9C2 /* App */ = {
			isa = PBXGroup;
			children = (
				99E6F0A82E91EF48002ED9C2 /* LastDanceApp.swift */,
				99E6F0BC2E91EFBB002ED9C2 /* NavigationRouter.swift */,
			);
			path = App;
			sourceTree = "<group>";
		};
		99E6F0AA2E91EF48002ED9C2 /* Archive */ = {
			isa = PBXGroup;
			children = (
				99E6F0ED2E91F802002ED9C2 /* ViewModel */,
				99E6F0EC2E91F7FE002ED9C2 /* Views */,
			);
			path = Archive;
			sourceTree = "<group>";
		};
		99E6F0AB2E91EF48002ED9C2 /* Camera */ = {
			isa = PBXGroup;
			children = (
				99E6F0E92E91F7E7002ED9C2 /* ViewModel */,
				99E6F0E82E91F7E2002ED9C2 /* Views */,
			);
			path = Camera;
			sourceTree = "<group>";
		};
		99E6F0AC2E91EF48002ED9C2 /* ExhibitionDetail */ = {
			isa = PBXGroup;
			children = (
				99E6F0E72E91F7D8002ED9C2 /* ViewModel */,
				99E6F0E62E91F7D2002ED9C2 /* Views */,
			);
			path = ExhibitionDetail;
			sourceTree = "<group>";
		};
		99E6F0AD2E91EF48002ED9C2 /* ExhibitionList */ = {
			isa = PBXGroup;
			children = (
				99E6F0E52E91F7C6002ED9C2 /* ViewModel */,
				99E6F0E42E91F7C1002ED9C2 /* Views */,
			);
			path = ExhibitionList;
			sourceTree = "<group>";
		};
		99E6F0AE2E91EF48002ED9C2 /* Reaction */ = {
			isa = PBXGroup;
			children = (
				9635739C2E98F27100B2FA79 /* Views */,
				99E6F0EB2E91F7F5002ED9C2 /* ViewModel */,
			);
			path = Reaction;
			sourceTree = "<group>";
		};
		99E6F0AF2E91EF48002ED9C2 /* Root */ = {
			isa = PBXGroup;
			children = (
				99E6F0BE2E91F006002ED9C2 /* RootView.swift */,
			);
			path = Root;
			sourceTree = "<group>";
		};
		99E6F0B02E91EF48002ED9C2 /* Presentation */ = {
			isa = PBXGroup;
			children = (
				99E6F0AF2E91EF48002ED9C2 /* Root */,
				99E6F0C02E91F0DA002ED9C2 /* Onboarding */,
				99E6F0AD2E91EF48002ED9C2 /* ExhibitionList */,
				99E6F0AC2E91EF48002ED9C2 /* ExhibitionDetail */,
				99E6F0AB2E91EF48002ED9C2 /* Camera */,
				99E6F0AE2E91EF48002ED9C2 /* Reaction */,
				99E6F0AA2E91EF48002ED9C2 /* Archive */,
				99191E442EA1C43F00D2F71A /* ArtistArchive */,
			);
			path = Presentation;
			sourceTree = "<group>";
		};
		99E6F0B12E91EF48002ED9C2 /* Sources */ = {
			isa = PBXGroup;
			children = (
				99E6F39F2E989CFB002ED9C2 /* Data */,
				99E6F0A92E91EF48002ED9C2 /* App */,
				99E6F0DB2E91F463002ED9C2 /* Common */,
				99E6F0D92E91F43D002ED9C2 /* Domain */,
				99E6F0B02E91EF48002ED9C2 /* Presentation */,
			);
			path = Sources;
			sourceTree = "<group>";
		};
		99E6F0B42E91EF48002ED9C2 /* LastDance */ = {
			isa = PBXGroup;
			children = (
				99E6F0A52E91EF48002ED9C2 /* Preview Content */,
				99E6F0A72E91EF48002ED9C2 /* Resources */,
				99E6F0B12E91EF48002ED9C2 /* Sources */,
				D8C7C27D2E9FFAE600FCB472 /* Info.plist */,
			);
			path = LastDance;
			sourceTree = "<group>";
		};
		99E6F0C02E91F0DA002ED9C2 /* Onboarding */ = {
			isa = PBXGroup;
			children = (
				99E6F0E32E91F793002ED9C2 /* ViewModel */,
				99E6F0E22E91F725002ED9C2 /* Views */,
			);
			path = Onboarding;
			sourceTree = "<group>";
		};
		99E6F0D92E91F43D002ED9C2 /* Domain */ = {
			isa = PBXGroup;
			children = (
				99E6F0E12E91F603002ED9C2 /* Model */,
			);
			path = Domain;
			sourceTree = "<group>";
		};
		99E6F0DB2E91F463002ED9C2 /* Common */ = {
			isa = PBXGroup;
			children = (
				99DAB0BD2E9EB77900379F27 /* Errors */,
				963573C02E9B84ED00B2FA79 /* Extensions */,
				963573AC2E9A4F2B00B2FA79 /* Components */,
				9635739F2E990ED800B2FA79 /* Manager */,
				99E6F0DE2E91F499002ED9C2 /* Utils */,
			);
			path = Common;
			sourceTree = "<group>";
		};
		99E6F0DE2E91F499002ED9C2 /* Utils */ = {
			isa = PBXGroup;
			children = (
				D8C7C0AE2E9FBE7100FCB472 /* Config.swift */,
				D8C7C08D2E9F38E700FCB472 /* Enum */,
			);
			path = Utils;
			sourceTree = "<group>";
		};
		99E6F0E12E91F603002ED9C2 /* Model */ = {
			isa = PBXGroup;
			children = (
				99E6F10C2E97B0F1002ED9C2 /* IdentificatedArtwork.swift */,
				99E6F10A2E97B0EA002ED9C2 /* Reaction.swift */,
				99E6F1082E97B0E3002ED9C2 /* CapturedArtwork.swift */,
				99E6F1062E97B0DD002ED9C2 /* Venue.swift */,
				99E6F1042E97B0D9002ED9C2 /* User.swift */,
				99E6F1022E97B0D4002ED9C2 /* Artist.swift */,
				99E6F1002E97B0CE002ED9C2 /* Artwork.swift */,
				99E6F0FE2E97B0C6002ED9C2 /* Exhibition.swift */,
				99E6F0B32E91EF48002ED9C2 /* Item.swift */,
				8C0F9F4B2E9CE192005B8C12 /* UserType.swift */,
				99191E4B2EA1C8CF00D2F71A /* ArtistReactionItem.swift */,
			);
			path = Model;
			sourceTree = "<group>";
		};
		99E6F0E22E91F725002ED9C2 /* Views */ = {
			isa = PBXGroup;
			children = (
				8C3B37AF2E9EB7B3003FF185 /* OnboardingView.swift */,
				8C3B37B12E9EB7C0003FF185 /* ArticleArchivingView.swift */,
				8C3B37B22E9EB7C0003FF185 /* AudienceArchivingView.swift */,
				8C3B37B32E9EB7C0003FF185 /* IdentitySelectionView.swift */,
			);
			path = Views;
			sourceTree = "<group>";
		};
		99E6F0E32E91F793002ED9C2 /* ViewModel */ = {
			isa = PBXGroup;
			children = (
				99E6F0D72E91F29E002ED9C2 /* OnboardingViewModel.swift */,
				8C0F9F492E9CE128005B8C12 /* IdentitySelectionViewModel.swift */,
				8C0F9F552E9CE508005B8C12 /* ArchivingViewModel.swift */,
			);
			path = ViewModel;
			sourceTree = "<group>";
		};
		99E6F0E42E91F7C1002ED9C2 /* Views */ = {
			isa = PBXGroup;
			children = (
				8C3B37A12E9E69BC003FF185 /* ArticleExhibitionListView.swift */,
				8C3B37A72E9E716C003FF185 /* ArticleListView.swift */,
				8C3B37AB2E9E7C95003FF185 /* CompleteArticleListView.swift */,
				8C3B37B92E9EB82B003FF185 /* ExhibitionListView.swift */,
			);
			path = Views;
			sourceTree = "<group>";
		};
		99E6F0E52E91F7C6002ED9C2 /* ViewModel */ = {
			isa = PBXGroup;
			children = (
				99E6F0C32E91F141002ED9C2 /* ExhibitionListViewModel.swift */,
				8C3B37A32E9E6A5C003FF185 /* ArticleExhibitionListViewModel.swift */,
				8C3B37A92E9E7932003FF185 /* ArticleListViewModel.swift */,
				99191E1E2EA1994900D2F71A /* CompleteArticleListViewModel.swift */,
			);
			path = ViewModel;
			sourceTree = "<group>";
		};
		99E6F0E62E91F7D2002ED9C2 /* Views */ = {
			isa = PBXGroup;
			children = (
				8C3B37BB2E9EB838003FF185 /* ExhibitionDetailView.swift */,
			);
			path = Views;
			sourceTree = "<group>";
		};
		99E6F0E72E91F7D8002ED9C2 /* ViewModel */ = {
			isa = PBXGroup;
			children = (
				99E6F0C52E91F174002ED9C2 /* ExhibitionDetailViewModel.swift */,
			);
			path = ViewModel;
			sourceTree = "<group>";
		};
		99E6F0E82E91F7E2002ED9C2 /* Views */ = {
			isa = PBXGroup;
			children = (
				99DAB0C22E9F33E100379F27 /* PreviewCornerMarks.swift */,
				8C3B37BD2E9EB857003FF185 /* CameraView.swift */,
				99DAB0B72E9C7B7B00379F27 /* ZoomControlView.swift */,
				99DAB0B32E9C765000379F27 /* BottomControllerView.swift */,
				99DAB0AF2E9C4BE400379F27 /* CaptureConfirmView.swift */,
				99DAB0AD2E9C4A2800379F27 /* ShutterButton.swift */,
				99DAB0A72E9C48D100379F27 /* CameraPreviewView.swift */,
			);
			path = Views;
			sourceTree = "<group>";
		};
		99E6F0E92E91F7E7002ED9C2 /* ViewModel */ = {
			isa = PBXGroup;
			children = (
				99E6F0C92E91F1BF002ED9C2 /* CameraViewModel.swift */,
			);
			path = ViewModel;
			sourceTree = "<group>";
		};
		99E6F0EB2E91F7F5002ED9C2 /* ViewModel */ = {
			isa = PBXGroup;
			children = (
				99E6F0CD2E91F1FE002ED9C2 /* ReactionInputViewModel.swift */,
			);
			path = ViewModel;
			sourceTree = "<group>";
		};
		99E6F0EC2E91F7FE002ED9C2 /* Views */ = {
			isa = PBXGroup;
			children = (
				D8C7C2CF2EA2A70100FCB472 /* ArchiveViewHome.swift */,
				8C3B37C52E9EB8DE003FF185 /* ArchiveView.swift */,
				D8C7C2CD2EA2A6F500FCB472 /* ArchiveHomeView.swift */,
				D8C7C2CB2EA2A6F100FCB472 /* ExhibitionArchiveView.swift */,
			);
			path = Views;
			sourceTree = "<group>";
		};
		99E6F0ED2E91F802002ED9C2 /* ViewModel */ = {
			isa = PBXGroup;
			children = (
				99E6F0D12E91F246002ED9C2 /* ArchiveViewModel.swift */,
				D8C7C2D32EA2A70F00FCB472 /* ArchiveHomeViewModel.swift */,
				D8C7C2D12EA2A70B00FCB472 /* ExhibitionArchiveViewModel.swift */,
			);
			path = ViewModel;
			sourceTree = "<group>";
		};
		99E6F38A2E989CFB002ED9C2 /* DTO */ = {
			isa = PBXGroup;
			children = (
				D8C7C2C92EA2A14F00FCB472 /* ArtworkResponseDto.swift */,
				99E6F3892E989CFB002ED9C2 /* MakeArtworkRequestDto.swift */,
			);
			path = DTO;
			sourceTree = "<group>";
		};
		99E6F38C2E989CFB002ED9C2 /* Artwork */ = {
			isa = PBXGroup;
			children = (
				99E6F38A2E989CFB002ED9C2 /* DTO */,
				D8C7C2C72EA29A0800FCB472 /* ArtworkAPIService.swift */,
				99E6F38B2E989CFB002ED9C2 /* ArtworkAPI.swift */,
			);
			path = Artwork;
			sourceTree = "<group>";
		};
		99E6F3912E989CFB002ED9C2 /* Base */ = {
			isa = PBXGroup;
			children = (
				D8C7C2862EA091D900FCB472 /* DTO */,
				99E6F38D2E989CFB002ED9C2 /* BaseResponse.swift */,
				99E6F38E2E989CFB002ED9C2 /* BaseTargetType.swift */,
				99E6F38F2E989CFB002ED9C2 /* NetworkError.swift */,
				99E6F3902E989CFB002ED9C2 /* NetworkLoggerPlugin.swift */,
			);
			path = Base;
			sourceTree = "<group>";
		};
		99E6F3932E989CFB002ED9C2 /* DTO */ = {
			isa = PBXGroup;
			children = (
				99E6F3922E989CFB002ED9C2 /* ExhibitionRequestDto.swift */,
			);
			path = DTO;
			sourceTree = "<group>";
		};
		99E6F3952E989CFB002ED9C2 /* Exhibition */ = {
			isa = PBXGroup;
			children = (
				99E6F3932E989CFB002ED9C2 /* DTO */,
				99E6F3942E989CFB002ED9C2 /* ExhibitionAPI.swift */,
			);
			path = Exhibition;
			sourceTree = "<group>";
		};
		99E6F3982E989CFB002ED9C2 /* DTO */ = {
			isa = PBXGroup;
			children = (
				D8C7C2832EA002C200FCB472 /* Response */,
				D8C7C27E2E9FFF6C00FCB472 /* Request */,
			);
			path = DTO;
			sourceTree = "<group>";
		};
		99E6F39A2E989CFB002ED9C2 /* Reaction */ = {
			isa = PBXGroup;
			children = (
				99E6F3982E989CFB002ED9C2 /* DTO */,
				99E6F3992E989CFB002ED9C2 /* ReactionAPI.swift */,
				D8C7C0B02E9FEFCE00FCB472 /* ReactionAPIService.swift */,
			);
			path = Reaction;
			sourceTree = "<group>";
		};
		99E6F39B2E989CFB002ED9C2 /* Network */ = {
			isa = PBXGroup;
			children = (
				99E6F38C2E989CFB002ED9C2 /* Artwork */,
				99E6F3912E989CFB002ED9C2 /* Base */,
				99E6F3952E989CFB002ED9C2 /* Exhibition */,
				99E6F39A2E989CFB002ED9C2 /* Reaction */,
			);
			path = Network;
			sourceTree = "<group>";
		};
		99E6F39E2E989CFB002ED9C2 /* Persistence */ = {
			isa = PBXGroup;
			children = (
				99E6F39C2E989CFB002ED9C2 /* MockDataLoader.swift */,
				99E6F39D2E989CFB002ED9C2 /* SwiftDataManager.swift */,
			);
			path = Persistence;
			sourceTree = "<group>";
		};
		99E6F39F2E989CFB002ED9C2 /* Data */ = {
			isa = PBXGroup;
			children = (
				99E6F39B2E989CFB002ED9C2 /* Network */,
				99E6F39E2E989CFB002ED9C2 /* Persistence */,
			);
			path = Data;
			sourceTree = "<group>";
		};
		D8C7C08D2E9F38E700FCB472 /* Enum */ = {
			isa = PBXGroup;
			children = (
				D8C7C2892EA0D02500FCB472 /* APIVersion.swift */,
				D8C7C0AA2E9F891000FCB472 /* BottomSheetType.swift */,
				D8C7C08E2E9F38EF00FCB472 /* UserDefaultsKey.swift */,
				99E6F0BA2E91EF7A002ED9C2 /* Route.swift */,
			);
			path = Enum;
			sourceTree = "<group>";
		};
		D8C7C0902E9F3D3400FCB472 /* Recovered References */ = {
			isa = PBXGroup;
			children = (
				963573AA2E9A4A9A00B2FA79 /* CompleteReactionView.swift */,
			);
			name = "Recovered References";
			sourceTree = "<group>";
		};
		D8C7C27E2E9FFF6C00FCB472 /* Request */ = {
			isa = PBXGroup;
			children = (
				99E6F3962E989CFB002ED9C2 /* ReactionRequestDto.swift */,
			);
			path = Request;
			sourceTree = "<group>";
		};
		D8C7C2832EA002C200FCB472 /* Response */ = {
			isa = PBXGroup;
			children = (
				D8C7C2912EA0D10200FCB472 /* TagDetailResponseDto.swift */,
				D8C7C28F2EA0D0E500FCB472 /* VisitorResponseDto.swift */,
				D8C7C28D2EA0D0B900FCB472 /* ArtworkDetailResponseDto.swift */,
				D8C7C28B2EA0D08A00FCB472 /* ReactionDetailResponseDto.swift */,
				99E6F3972E989CFB002ED9C2 /* ReactionResponseDto.swift */,
				D8C7C2812EA0026000FCB472 /* GetReactionResponseDto.swift */,
			);
			path = Response;
			sourceTree = "<group>";
		};
		D8C7C2862EA091D900FCB472 /* DTO */ = {
			isa = PBXGroup;
			children = (
				D8C7C2872EA091E500FCB472 /* ErrorResponseDto.swift */,
			);
			path = DTO;
			sourceTree = "<group>";
		};
/* End PBXGroup section */

/* Begin PBXNativeTarget section */
		99E6F0662E91E4A9002ED9C2 /* LastDance */ = {
			isa = PBXNativeTarget;
			buildConfigurationList = 99E6F0772E91E4AA002ED9C2 /* Build configuration list for PBXNativeTarget "LastDance" */;
			buildPhases = (
				99E6F0632E91E4A9002ED9C2 /* Sources */,
				99E6F0642E91E4A9002ED9C2 /* Frameworks */,
				99E6F0652E91E4A9002ED9C2 /* Resources */,
				99E6F0F72E93B16E002ED9C2 /* ShellScript */,
			);
			buildRules = (
			);
			dependencies = (
			);
			name = LastDance;
			packageProductDependencies = (
				96B1CA192E954A5C003E7C1C /* CombineMoya */,
				96B1CA1B2E954A5C003E7C1C /* Moya */,
			);
			productName = LastDance;
			productReference = 99E6F0672E91E4A9002ED9C2 /* LastDance.app */;
			productType = "com.apple.product-type.application";
		};
/* End PBXNativeTarget section */

/* Begin PBXProject section */
		99E6F05F2E91E4A9002ED9C2 /* Project object */ = {
			isa = PBXProject;
			attributes = {
				BuildIndependentTargetsInParallel = 1;
				LastSwiftUpdateCheck = 1620;
				LastUpgradeCheck = 1620;
				TargetAttributes = {
					99E6F0662E91E4A9002ED9C2 = {
						CreatedOnToolsVersion = 16.2;
					};
				};
			};
			buildConfigurationList = 99E6F0622E91E4A9002ED9C2 /* Build configuration list for PBXProject "LastDance" */;
			developmentRegion = en;
			hasScannedForEncodings = 0;
			knownRegions = (
				en,
				Base,
			);
			mainGroup = 99E6F05E2E91E4A9002ED9C2;
			minimizedProjectReferenceProxies = 1;
			packageReferences = (
				96B1CA182E954A5C003E7C1C /* XCRemoteSwiftPackageReference "Moya" */,
			);
			preferredProjectObjectVersion = 77;
			productRefGroup = 99E6F0682E91E4A9002ED9C2 /* Products */;
			projectDirPath = "";
			projectRoot = "";
			targets = (
				99E6F0662E91E4A9002ED9C2 /* LastDance */,
			);
		};
/* End PBXProject section */

/* Begin PBXResourcesBuildPhase section */
		99E6F0652E91E4A9002ED9C2 /* Resources */ = {
			isa = PBXResourcesBuildPhase;
			buildActionMask = 2147483647;
			files = (
				99E6F0B62E91EF48002ED9C2 /* Assets.xcassets in Resources */,
			);
			runOnlyForDeploymentPostprocessing = 0;
		};
/* End PBXResourcesBuildPhase section */

/* Begin PBXShellScriptBuildPhase section */
		99E6F0F72E93B16E002ED9C2 /* ShellScript */ = {
			isa = PBXShellScriptBuildPhase;
			buildActionMask = 2147483647;
			files = (
			);
			inputFileListPaths = (
			);
			inputPaths = (
			);
			outputFileListPaths = (
			);
			outputPaths = (
			);
			runOnlyForDeploymentPostprocessing = 0;
			shellPath = /bin/sh;
			shellScript = "# Type a script or drag a script file from your workspace to insert its path.\nif [[ \"$(uname -m)\" == arm64 ]]; then\n    export PATH=\"/opt/homebrew/bin:$PATH\"\nfi\nif which swiftlint >/dev/null; then\n  swiftlint\nelse\n  echo \"warning: SwiftLint not installed, download from https://github.com/realm/SwiftLint\"\nfi\n";
		};
/* End PBXShellScriptBuildPhase section */

/* Begin PBXSourcesBuildPhase section */
		99E6F0632E91E4A9002ED9C2 /* Sources */ = {
			isa = PBXSourcesBuildPhase;
			buildActionMask = 2147483647;
			files = (
				99E6F0B72E91EF48002ED9C2 /* LastDanceApp.swift in Sources */,
				963573BF2E9B84D500B2FA79 /* Log.swift in Sources */,
				99E6F10D2E97B0F9002ED9C2 /* IdentificatedArtwork.swift in Sources */,
				99E6F0BB2E91EF7D002ED9C2 /* Route.swift in Sources */,
				D8C7BEBB2E9CEB2400FCB472 /* ReactionFormView.swift in Sources */,
				99DAB0B82E9C7B8000379F27 /* ZoomControlView.swift in Sources */,
				963573AE2E9A4F7600B2FA79 /* OutlinedButton.swift in Sources */,
				D8C7C2CA2EA2A16300FCB472 /* ArtworkResponseDto.swift in Sources */,
				99E6F0D22E91F248002ED9C2 /* ArchiveViewModel.swift in Sources */,
				99DAB0A82E9C48D700379F27 /* CameraPreviewView.swift in Sources */,
				99E6F1092E97B0E7002ED9C2 /* CapturedArtwork.swift in Sources */,
				99E6F0C42E91F14A002ED9C2 /* ExhibitionListViewModel.swift in Sources */,
				D8C7C28E2EA0D0C200FCB472 /* ArtworkDetailResponseDto.swift in Sources */,
				D8C7C2CC2EA2A6F100FCB472 /* ExhibitionArchiveView.swift in Sources */,
				8C0F9F502E9CE479005B8C12 /* CircleAddButton.swift in Sources */,
				99E6F0C62E91F175002ED9C2 /* ExhibitionDetailViewModel.swift in Sources */,
				8C3B37A82E9E716C003FF185 /* ArticleListView.swift in Sources */,
				D8C7C0A52E9F4A9300FCB472 /* InputArtworkInfoView.swift in Sources */,
				D8C7C2D42EA2A70F00FCB472 /* ArchiveHomeViewModel.swift in Sources */,
				9635739E2E98F28300B2FA79 /* ArtworkDetailView.swift in Sources */,
				99E6F0BF2E91F00A002ED9C2 /* RootView.swift in Sources */,
				8C3B37BA2E9EB82B003FF185 /* ExhibitionListView.swift in Sources */,
				99191E212EA199A100D2F71A /* TitleSection.swift in Sources */,
				D8C7C2D62EA2AB9300FCB472 /* Date+Extensions.swift in Sources */,
				D8C7C2CE2EA2A6F500FCB472 /* ArchiveHomeView.swift in Sources */,
				99E6F0CA2E91F1C5002ED9C2 /* CameraViewModel.swift in Sources */,
				D8C7C0AF2E9FBE7300FCB472 /* Config.swift in Sources */,
				99E6F1012E97B0D1002ED9C2 /* Artwork.swift in Sources */,
				99E6F0CE2E91F206002ED9C2 /* ReactionInputViewModel.swift in Sources */,
				8C3B37BE2E9EB857003FF185 /* CameraView.swift in Sources */,
				D8C7C28C2EA0D0A200FCB472 /* ReactionDetailResponseDto.swift in Sources */,
				963573B42E9ABD4800B2FA79 /* BottomButton.swift in Sources */,
				99DAB0AE2E9C4A2C00379F27 /* ShutterButton.swift in Sources */,
				963573B02E9ABC6400B2FA79 /* CategoryButton.swift in Sources */,
				99191E4C2EA1C8CF00D2F71A /* ArtistReactionItem.swift in Sources */,
				99E6F0D82E91F2A3002ED9C2 /* OnboardingViewModel.swift in Sources */,
				99E6F0BD2E91EFC0002ED9C2 /* NavigationRouter.swift in Sources */,
				99E6F1072E97B0E0002ED9C2 /* Venue.swift in Sources */,
				99E6F0FF2E97B0CA002ED9C2 /* Exhibition.swift in Sources */,
				D8C7C09A2E9F3F1B00FCB472 /* CompleteReactionView.swift in Sources */,
				99E6F3A02E989CFB002ED9C2 /* MakeArtworkRequestDto.swift in Sources */,
				D8C7BEB92E9CEB1900FCB472 /* ArtworkInfoView.swift in Sources */,
				D8C7C08F2E9F38F000FCB472 /* UserDefaultsKey.swift in Sources */,
				8C3B37BC2E9EB838003FF185 /* ExhibitionDetailView.swift in Sources */,
				99191E272EA199F300D2F71A /* View+CustomAlert.swift in Sources */,
				D8C7C2D22EA2A70B00FCB472 /* ExhibitionArchiveViewModel.swift in Sources */,
				99E6F3A02E989CFB002ED9C2 /* MakeArtworkRequestDto.swift in Sources */,
				8C3B37A22E9E69BC003FF185 /* ArticleExhibitionListView.swift in Sources */,
				963573A12E990EE300B2FA79 /* KeyboardManager.swift in Sources */,
				99DAB0C32E9F33F000379F27 /* PreviewCornerMarks.swift in Sources */,
				99DAB0B02E9C4BEB00379F27 /* CaptureConfirmView.swift in Sources */,
				99E6F3A12E989CFB002ED9C2 /* ArtworkAPI.swift in Sources */,
				8C3B37AC2E9E7C95003FF185 /* CompleteArticleListView.swift in Sources */,
				D8C7C2902EA0D0ED00FCB472 /* VisitorResponseDto.swift in Sources */,
				8C0F9F4C2E9CE192005B8C12 /* UserType.swift in Sources */,
				D8C7C28A2EA0D02900FCB472 /* APIVersion.swift in Sources */,
				8C0F9F4A2E9CE128005B8C12 /* IdentitySelectionViewModel.swift in Sources */,
				99E6F3A22E989CFB002ED9C2 /* BaseResponse.swift in Sources */,
				D8C7C0982E9F3EFA00FCB472 /* CategoryView.swift in Sources */,
				D8C7C0A92E9F729A00FCB472 /* CustomBottomSheet.swift in Sources */,
				D8C7C09C2E9F3F7800FCB472 /* BackButton.swift in Sources */,
				8C0F9F562E9CE508005B8C12 /* ArchivingViewModel.swift in Sources */,
				99E6F3A32E989CFB002ED9C2 /* BaseTargetType.swift in Sources */,
				8C0F9F4E2E9CE1CB005B8C12 /* CircleSelectionButton.swift in Sources */,
				D8C7C2922EA0D10700FCB472 /* TagDetailResponseDto.swift in Sources */,
				8C3B37B02E9EB7B3003FF185 /* OnboardingView.swift in Sources */,
				99DAB0AA2E9C490600379F27 /* CameraManager.swift in Sources */,
				D8C7C0942E9F3E0700FCB472 /* UIImage.swift in Sources */,
				D8C7C0962E9F3E6100FCB472 /* CustomNavigationBar.swift in Sources */,
				99E6F3A42E989CFB002ED9C2 /* NetworkError.swift in Sources */,
				99191E252EA199BB00D2F71A /* CustomAlert.swift in Sources */,
				99E6F3A52E989CFB002ED9C2 /* NetworkLoggerPlugin.swift in Sources */,
				8C3B37AA2E9E7932003FF185 /* ArticleListViewModel.swift in Sources */,
				99DAB0BF2E9EB78800379F27 /* CameraError.swift in Sources */,
				D8C7C2882EA091E500FCB472 /* ErrorResponseDto.swift in Sources */,
				D8C7C2C82EA29A1100FCB472 /* ArtworkAPIService.swift in Sources */,
				99E6F3A62E989CFB002ED9C2 /* ExhibitionRequestDto.swift in Sources */,
				99191E1F2EA1994900D2F71A /* CompleteArticleListViewModel.swift in Sources */,
				99E6F3A72E989CFB002ED9C2 /* ExhibitionAPI.swift in Sources */,
				99E6F3A82E989CFB002ED9C2 /* ReactionRequestDto.swift in Sources */,
				99E6F3A92E989CFB002ED9C2 /* ReactionResponseDto.swift in Sources */,
				99E6F3AA2E989CFB002ED9C2 /* ReactionAPI.swift in Sources */,
				D8C7C2822EA0026E00FCB472 /* GetReactionResponseDto.swift in Sources */,
				99E6F3AB2E989CFB002ED9C2 /* MockDataLoader.swift in Sources */,
				D8C7C2D02EA2A70100FCB472 /* ArchiveViewHome.swift in Sources */,
				99E6F3AC2E989CFB002ED9C2 /* SwiftDataManager.swift in Sources */,
				99E6F1032E97B0D6002ED9C2 /* Artist.swift in Sources */,
				D8C7C0922E9F3E0000FCB472 /* UserDefaults.swift in Sources */,
				8C3B37B42E9EB7C0003FF185 /* AudienceArchivingView.swift in Sources */,
				8C3B37B52E9EB7C0003FF185 /* IdentitySelectionView.swift in Sources */,
				8C3B37B62E9EB7C0003FF185 /* ArticleArchivingView.swift in Sources */,
				D8C7C0B12E9FEFD900FCB472 /* ReactionAPIService.swift in Sources */,
				D8C7C0AB2E9F891500FCB472 /* BottomSheetType.swift in Sources */,
				99E6F0B92E91EF48002ED9C2 /* Item.swift in Sources */,
				99191E452EA1C43F00D2F71A /* ArtistReactionViewModel.swift in Sources */,
				99191E462EA1C43F00D2F71A /* ArtistReactionArchiveViewModel.swift in Sources */,
				99191E472EA1C43F00D2F71A /* ArtistReactionArchiveView.swift in Sources */,
				99191E482EA1C43F00D2F71A /* ArtistReactionView.swift in Sources */,
				8C3B37C62E9EB8DE003FF185 /* ArchiveView.swift in Sources */,
				99E6F10B2E97B0EC002ED9C2 /* Reaction.swift in Sources */,
				99191E232EA199B300D2F71A /* SelectionRow.swift in Sources */,
				8C3B37A42E9E6A5C003FF185 /* ArticleExhibitionListViewModel.swift in Sources */,
				8C3B37A62E9E7089003FF185 /* PageIndicator.swift in Sources */,
				99E6F1052E97B0DA002ED9C2 /* User.swift in Sources */,
				99DAB0B42E9C765900379F27 /* BottomControllerView.swift in Sources */,
			);
			runOnlyForDeploymentPostprocessing = 0;
		};
/* End PBXSourcesBuildPhase section */

/* Begin XCBuildConfiguration section */
		99E6F0752E91E4AA002ED9C2 /* Debug */ = {
			isa = XCBuildConfiguration;
			baseConfigurationReference = D8C7C0AD2E9FBD9900FCB472 /* Config.xcconfig */;
			buildSettings = {
				ALWAYS_SEARCH_USER_PATHS = NO;
				ASSETCATALOG_COMPILER_GENERATE_SWIFT_ASSET_SYMBOL_EXTENSIONS = YES;
				CLANG_ANALYZER_NONNULL = YES;
				CLANG_ANALYZER_NUMBER_OBJECT_CONVERSION = YES_AGGRESSIVE;
				CLANG_CXX_LANGUAGE_STANDARD = "gnu++20";
				CLANG_ENABLE_MODULES = YES;
				CLANG_ENABLE_OBJC_ARC = YES;
				CLANG_ENABLE_OBJC_WEAK = YES;
				CLANG_WARN_BLOCK_CAPTURE_AUTORELEASING = YES;
				CLANG_WARN_BOOL_CONVERSION = YES;
				CLANG_WARN_COMMA = YES;
				CLANG_WARN_CONSTANT_CONVERSION = YES;
				CLANG_WARN_DEPRECATED_OBJC_IMPLEMENTATIONS = YES;
				CLANG_WARN_DIRECT_OBJC_ISA_USAGE = YES_ERROR;
				CLANG_WARN_DOCUMENTATION_COMMENTS = YES;
				CLANG_WARN_EMPTY_BODY = YES;
				CLANG_WARN_ENUM_CONVERSION = YES;
				CLANG_WARN_INFINITE_RECURSION = YES;
				CLANG_WARN_INT_CONVERSION = YES;
				CLANG_WARN_NON_LITERAL_NULL_CONVERSION = YES;
				CLANG_WARN_OBJC_IMPLICIT_RETAIN_SELF = YES;
				CLANG_WARN_OBJC_LITERAL_CONVERSION = YES;
				CLANG_WARN_OBJC_ROOT_CLASS = YES_ERROR;
				CLANG_WARN_QUOTED_INCLUDE_IN_FRAMEWORK_HEADER = YES;
				CLANG_WARN_RANGE_LOOP_ANALYSIS = YES;
				CLANG_WARN_STRICT_PROTOTYPES = YES;
				CLANG_WARN_SUSPICIOUS_MOVE = YES;
				CLANG_WARN_UNGUARDED_AVAILABILITY = YES_AGGRESSIVE;
				CLANG_WARN_UNREACHABLE_CODE = YES;
				CLANG_WARN__DUPLICATE_METHOD_MATCH = YES;
				COPY_PHASE_STRIP = NO;
				DEBUG_INFORMATION_FORMAT = dwarf;
				ENABLE_STRICT_OBJC_MSGSEND = YES;
				ENABLE_TESTABILITY = YES;
				ENABLE_USER_SCRIPT_SANDBOXING = YES;
				GCC_C_LANGUAGE_STANDARD = gnu17;
				GCC_DYNAMIC_NO_PIC = NO;
				GCC_NO_COMMON_BLOCKS = YES;
				GCC_OPTIMIZATION_LEVEL = 0;
				GCC_PREPROCESSOR_DEFINITIONS = (
					"DEBUG=1",
					"$(inherited)",
				);
				GCC_WARN_64_TO_32_BIT_CONVERSION = YES;
				GCC_WARN_ABOUT_RETURN_TYPE = YES_ERROR;
				GCC_WARN_UNDECLARED_SELECTOR = YES;
				GCC_WARN_UNINITIALIZED_AUTOS = YES_AGGRESSIVE;
				GCC_WARN_UNUSED_FUNCTION = YES;
				GCC_WARN_UNUSED_VARIABLE = YES;
				IPHONEOS_DEPLOYMENT_TARGET = 18.2;
				LOCALIZATION_PREFERS_STRING_CATALOGS = YES;
				MTL_ENABLE_DEBUG_INFO = INCLUDE_SOURCE;
				MTL_FAST_MATH = YES;
				ONLY_ACTIVE_ARCH = YES;
				SDKROOT = iphoneos;
				SWIFT_ACTIVE_COMPILATION_CONDITIONS = "DEBUG $(inherited)";
				SWIFT_OPTIMIZATION_LEVEL = "-Onone";
			};
			name = Debug;
		};
		99E6F0762E91E4AA002ED9C2 /* Release */ = {
			isa = XCBuildConfiguration;
			baseConfigurationReference = D8C7C0AD2E9FBD9900FCB472 /* Config.xcconfig */;
			buildSettings = {
				ALWAYS_SEARCH_USER_PATHS = NO;
				ASSETCATALOG_COMPILER_GENERATE_SWIFT_ASSET_SYMBOL_EXTENSIONS = YES;
				CLANG_ANALYZER_NONNULL = YES;
				CLANG_ANALYZER_NUMBER_OBJECT_CONVERSION = YES_AGGRESSIVE;
				CLANG_CXX_LANGUAGE_STANDARD = "gnu++20";
				CLANG_ENABLE_MODULES = YES;
				CLANG_ENABLE_OBJC_ARC = YES;
				CLANG_ENABLE_OBJC_WEAK = YES;
				CLANG_WARN_BLOCK_CAPTURE_AUTORELEASING = YES;
				CLANG_WARN_BOOL_CONVERSION = YES;
				CLANG_WARN_COMMA = YES;
				CLANG_WARN_CONSTANT_CONVERSION = YES;
				CLANG_WARN_DEPRECATED_OBJC_IMPLEMENTATIONS = YES;
				CLANG_WARN_DIRECT_OBJC_ISA_USAGE = YES_ERROR;
				CLANG_WARN_DOCUMENTATION_COMMENTS = YES;
				CLANG_WARN_EMPTY_BODY = YES;
				CLANG_WARN_ENUM_CONVERSION = YES;
				CLANG_WARN_INFINITE_RECURSION = YES;
				CLANG_WARN_INT_CONVERSION = YES;
				CLANG_WARN_NON_LITERAL_NULL_CONVERSION = YES;
				CLANG_WARN_OBJC_IMPLICIT_RETAIN_SELF = YES;
				CLANG_WARN_OBJC_LITERAL_CONVERSION = YES;
				CLANG_WARN_OBJC_ROOT_CLASS = YES_ERROR;
				CLANG_WARN_QUOTED_INCLUDE_IN_FRAMEWORK_HEADER = YES;
				CLANG_WARN_RANGE_LOOP_ANALYSIS = YES;
				CLANG_WARN_STRICT_PROTOTYPES = YES;
				CLANG_WARN_SUSPICIOUS_MOVE = YES;
				CLANG_WARN_UNGUARDED_AVAILABILITY = YES_AGGRESSIVE;
				CLANG_WARN_UNREACHABLE_CODE = YES;
				CLANG_WARN__DUPLICATE_METHOD_MATCH = YES;
				COPY_PHASE_STRIP = NO;
				DEBUG_INFORMATION_FORMAT = "dwarf-with-dsym";
				ENABLE_NS_ASSERTIONS = NO;
				ENABLE_STRICT_OBJC_MSGSEND = YES;
				ENABLE_USER_SCRIPT_SANDBOXING = YES;
				GCC_C_LANGUAGE_STANDARD = gnu17;
				GCC_NO_COMMON_BLOCKS = YES;
				GCC_WARN_64_TO_32_BIT_CONVERSION = YES;
				GCC_WARN_ABOUT_RETURN_TYPE = YES_ERROR;
				GCC_WARN_UNDECLARED_SELECTOR = YES;
				GCC_WARN_UNINITIALIZED_AUTOS = YES_AGGRESSIVE;
				GCC_WARN_UNUSED_FUNCTION = YES;
				GCC_WARN_UNUSED_VARIABLE = YES;
				IPHONEOS_DEPLOYMENT_TARGET = 18.2;
				LOCALIZATION_PREFERS_STRING_CATALOGS = YES;
				MTL_ENABLE_DEBUG_INFO = NO;
				MTL_FAST_MATH = YES;
				SDKROOT = iphoneos;
				SWIFT_COMPILATION_MODE = wholemodule;
				VALIDATE_PRODUCT = YES;
			};
			name = Release;
		};
		99E6F0782E91E4AA002ED9C2 /* Debug */ = {
			isa = XCBuildConfiguration;
			baseConfigurationReference = D8C7C0AD2E9FBD9900FCB472 /* Config.xcconfig */;
			buildSettings = {
				ASSETCATALOG_COMPILER_APPICON_NAME = AppIcon;
				ASSETCATALOG_COMPILER_GLOBAL_ACCENT_COLOR_NAME = AccentColor;
				BASE_URL = "";
				CODE_SIGN_IDENTITY = "Apple Development";
				CODE_SIGN_STYLE = Automatic;
				CURRENT_PROJECT_VERSION = 1;
				DEVELOPMENT_ASSET_PATHS = "\"LastDance/Preview Content\"";
				DEVELOPMENT_TEAM = "";
				ENABLE_PREVIEWS = YES;
				ENABLE_USER_SCRIPT_SANDBOXING = NO;
				GENERATE_INFOPLIST_FILE = YES;
				INFOPLIST_FILE = LastDance/Info.plist;
				INFOPLIST_KEY_NSCameraUsageDescription = "작품 인식을 위해 카메라 접근 권한이 필요합니다.";
				INFOPLIST_KEY_UIApplicationSceneManifest_Generation = YES;
				INFOPLIST_KEY_UIApplicationSupportsIndirectInputEvents = YES;
				INFOPLIST_KEY_UILaunchScreen_Generation = YES;
				INFOPLIST_KEY_UISupportedInterfaceOrientations_iPad = "UIInterfaceOrientationPortrait UIInterfaceOrientationPortraitUpsideDown UIInterfaceOrientationLandscapeLeft UIInterfaceOrientationLandscapeRight";
				INFOPLIST_KEY_UISupportedInterfaceOrientations_iPhone = "UIInterfaceOrientationPortrait UIInterfaceOrientationLandscapeLeft UIInterfaceOrientationLandscapeRight";
				LD_RUNPATH_SEARCH_PATHS = (
					"$(inherited)",
					"@executable_path/Frameworks",
				);
				MARKETING_VERSION = 1.0;
				PRODUCT_BUNDLE_IDENTIFIER = com.developerAcademy.LastDance;
				PRODUCT_NAME = "$(TARGET_NAME)";
				PROVISIONING_PROFILE_SPECIFIER = "";
				SWIFT_EMIT_LOC_STRINGS = YES;
				SWIFT_VERSION = 5.0;
				TARGETED_DEVICE_FAMILY = "1,2";
			};
			name = Debug;
		};
		99E6F0792E91E4AA002ED9C2 /* Release */ = {
			isa = XCBuildConfiguration;
			baseConfigurationReference = D8C7C0AD2E9FBD9900FCB472 /* Config.xcconfig */;
			buildSettings = {
				ASSETCATALOG_COMPILER_APPICON_NAME = AppIcon;
				ASSETCATALOG_COMPILER_GLOBAL_ACCENT_COLOR_NAME = AccentColor;
				BASE_URL = "";
				CODE_SIGN_IDENTITY = "Apple Development";
				CODE_SIGN_STYLE = Automatic;
				CURRENT_PROJECT_VERSION = 1;
				DEVELOPMENT_ASSET_PATHS = "\"LastDance/Preview Content\"";
				DEVELOPMENT_TEAM = W5Z68U98HJ;
				ENABLE_PREVIEWS = YES;
				ENABLE_USER_SCRIPT_SANDBOXING = NO;
				GENERATE_INFOPLIST_FILE = YES;
				INFOPLIST_FILE = LastDance/Info.plist;
				INFOPLIST_KEY_NSCameraUsageDescription = "작품 인식을 위해 카메라 접근 권한이 필요합니다.";
				INFOPLIST_KEY_UIApplicationSceneManifest_Generation = YES;
				INFOPLIST_KEY_UIApplicationSupportsIndirectInputEvents = YES;
				INFOPLIST_KEY_UILaunchScreen_Generation = YES;
				INFOPLIST_KEY_UISupportedInterfaceOrientations_iPad = "UIInterfaceOrientationPortrait UIInterfaceOrientationPortraitUpsideDown UIInterfaceOrientationLandscapeLeft UIInterfaceOrientationLandscapeRight";
				INFOPLIST_KEY_UISupportedInterfaceOrientations_iPhone = "UIInterfaceOrientationPortrait UIInterfaceOrientationLandscapeLeft UIInterfaceOrientationLandscapeRight";
				LD_RUNPATH_SEARCH_PATHS = (
					"$(inherited)",
					"@executable_path/Frameworks",
				);
				MARKETING_VERSION = 1.0;
				PRODUCT_BUNDLE_IDENTIFIER = com.developerAcademy.LastDance;
				PRODUCT_NAME = "$(TARGET_NAME)";
				PROVISIONING_PROFILE_SPECIFIER = "";
				SWIFT_EMIT_LOC_STRINGS = YES;
				SWIFT_VERSION = 5.0;
				TARGETED_DEVICE_FAMILY = "1,2";
			};
			name = Release;
		};
/* End XCBuildConfiguration section */

/* Begin XCConfigurationList section */
		99E6F0622E91E4A9002ED9C2 /* Build configuration list for PBXProject "LastDance" */ = {
			isa = XCConfigurationList;
			buildConfigurations = (
				99E6F0752E91E4AA002ED9C2 /* Debug */,
				99E6F0762E91E4AA002ED9C2 /* Release */,
			);
			defaultConfigurationIsVisible = 0;
			defaultConfigurationName = Release;
		};
		99E6F0772E91E4AA002ED9C2 /* Build configuration list for PBXNativeTarget "LastDance" */ = {
			isa = XCConfigurationList;
			buildConfigurations = (
				99E6F0782E91E4AA002ED9C2 /* Debug */,
				99E6F0792E91E4AA002ED9C2 /* Release */,
			);
			defaultConfigurationIsVisible = 0;
			defaultConfigurationName = Release;
		};
/* End XCConfigurationList section */

/* Begin XCRemoteSwiftPackageReference section */
		96B1CA182E954A5C003E7C1C /* XCRemoteSwiftPackageReference "Moya" */ = {
			isa = XCRemoteSwiftPackageReference;
			repositoryURL = "https://github.com/Moya/Moya.git";
			requirement = {
				kind = upToNextMajorVersion;
				minimumVersion = 15.0.3;
			};
		};
/* End XCRemoteSwiftPackageReference section */

/* Begin XCSwiftPackageProductDependency section */
		96B1CA192E954A5C003E7C1C /* CombineMoya */ = {
			isa = XCSwiftPackageProductDependency;
			package = 96B1CA182E954A5C003E7C1C /* XCRemoteSwiftPackageReference "Moya" */;
			productName = CombineMoya;
		};
		96B1CA1B2E954A5C003E7C1C /* Moya */ = {
			isa = XCSwiftPackageProductDependency;
			package = 96B1CA182E954A5C003E7C1C /* XCRemoteSwiftPackageReference "Moya" */;
			productName = Moya;
		};
/* End XCSwiftPackageProductDependency section */
	};
	rootObject = 99E6F05F2E91E4A9002ED9C2 /* Project object */;
}
